// !$*UTF8*$!
{
	archiveVersion = 1;
	classes = {
	};
	objectVersion = 55;
	objects = {

/* Begin PBXBuildFile section */
		164207EAF50F5B9B7AAC30F4 /* Pods_DesignDemo.framework in Frameworks */ = {isa = PBXBuildFile; fileRef = 16CF032D2611E88CA5795A31 /* Pods_DesignDemo.framework */; };
		3706965E28A0BDB90021E482 /* PopupViewMaker.m in Sources */ = {isa = PBXBuildFile; fileRef = 3706965D28A0BDB90021E482 /* PopupViewMaker.m */; };
		3706966128A0EA040021E482 /* UIView+PopupViewMaker.m in Sources */ = {isa = PBXBuildFile; fileRef = 3706966028A0EA040021E482 /* UIView+PopupViewMaker.m */; };
		3706966428A240F50021E482 /* Person.swift in Sources */ = {isa = PBXBuildFile; fileRef = 3706966328A240F50021E482 /* Person.swift */; };
		3706966628A241180021E482 /* Girl.swift in Sources */ = {isa = PBXBuildFile; fileRef = 3706966528A241180021E482 /* Girl.swift */; };
		3706966828A241270021E482 /* Boy.swift in Sources */ = {isa = PBXBuildFile; fileRef = 3706966728A241270021E482 /* Boy.swift */; };
		3710C3FD289BC11D005520CE /* TestBuilderViewController.m in Sources */ = {isa = PBXBuildFile; fileRef = 3710C3FC289BC11D005520CE /* TestBuilderViewController.m */; };
		3710C401289CCA67005520CE /* SingletonTest.m in Sources */ = {isa = PBXBuildFile; fileRef = 3710C400289CCA67005520CE /* SingletonTest.m */; };
		371B32CA28EEC48900E6DD67 /* Receiver.swift in Sources */ = {isa = PBXBuildFile; fileRef = 371B32C928EEC48900E6DD67 /* Receiver.swift */; };
		371B32CC28EECAB300E6DD67 /* CommandProtocol.swift in Sources */ = {isa = PBXBuildFile; fileRef = 371B32CB28EECAB300E6DD67 /* CommandProtocol.swift */; };
		371B32CE28EEFBA300E6DD67 /* EnlargeCommand.swift in Sources */ = {isa = PBXBuildFile; fileRef = 371B32CD28EEFBA300E6DD67 /* EnlargeCommand.swift */; };
		371B32D028EEFBB600E6DD67 /* ReduceCommand.swift in Sources */ = {isa = PBXBuildFile; fileRef = 371B32CF28EEFBB600E6DD67 /* ReduceCommand.swift */; };
		371B32D228EF086300E6DD67 /* MyInvoker.swift in Sources */ = {isa = PBXBuildFile; fileRef = 371B32D128EF086300E6DD67 /* MyInvoker.swift */; };
		371B32DF28F030CD00E6DD67 /* ProductIterator.m in Sources */ = {isa = PBXBuildFile; fileRef = 371B32DE28F030CD00E6DD67 /* ProductIterator.m */; };
		371B32E228F030E800E6DD67 /* AbstractObjectList.m in Sources */ = {isa = PBXBuildFile; fileRef = 371B32E128F030E800E6DD67 /* AbstractObjectList.m */; };
		371B32E528F030FC00E6DD67 /* ProductList.m in Sources */ = {isa = PBXBuildFile; fileRef = 371B32E428F030FC00E6DD67 /* ProductList.m */; };
		371B32E728F05ED400E6DD67 /* News.swift in Sources */ = {isa = PBXBuildFile; fileRef = 371B32E628F05ED400E6DD67 /* News.swift */; };
		371B32E928F05F4500E6DD67 /* ScreenMediator.swift in Sources */ = {isa = PBXBuildFile; fileRef = 371B32E828F05F4500E6DD67 /* ScreenMediator.swift */; };
		371B32EB28F05F6700E6DD67 /* NewsFeedViewController.swift in Sources */ = {isa = PBXBuildFile; fileRef = 371B32EA28F05F6700E6DD67 /* NewsFeedViewController.swift */; };
		371B32ED28F05F8100E6DD67 /* NewsDetailViewController.swift in Sources */ = {isa = PBXBuildFile; fileRef = 371B32EC28F05F8100E6DD67 /* NewsDetailViewController.swift */; };
		371B32EF28F05FA900E6DD67 /* ProfileViewController.swift in Sources */ = {isa = PBXBuildFile; fileRef = 371B32EE28F05FA900E6DD67 /* ProfileViewController.swift */; };
		371B32F128F1226200E6DD67 /* UITextView+Memento.swift in Sources */ = {isa = PBXBuildFile; fileRef = 371B32F028F1226200E6DD67 /* UITextView+Memento.swift */; };
		371B32F328F1227600E6DD67 /* UndoStack.swift in Sources */ = {isa = PBXBuildFile; fileRef = 371B32F228F1227600E6DD67 /* UndoStack.swift */; };
		371B32F528F1228600E6DD67 /* Memento.swift in Sources */ = {isa = PBXBuildFile; fileRef = 371B32F428F1228600E6DD67 /* Memento.swift */; };
		371B32F728F17D8A00E6DD67 /* MemberState.swift in Sources */ = {isa = PBXBuildFile; fileRef = 371B32F628F17D8A00E6DD67 /* MemberState.swift */; };
		371B32F928F17DD900E6DD67 /* NormalMemberState.swift in Sources */ = {isa = PBXBuildFile; fileRef = 371B32F828F17DD900E6DD67 /* NormalMemberState.swift */; };
		371B32FB28F17DEB00E6DD67 /* GoldMemberState.swift in Sources */ = {isa = PBXBuildFile; fileRef = 371B32FA28F17DEB00E6DD67 /* GoldMemberState.swift */; };
		371B32FD28F17E0F00E6DD67 /* PlatinumMemberState.swift in Sources */ = {isa = PBXBuildFile; fileRef = 371B32FC28F17E0F00E6DD67 /* PlatinumMemberState.swift */; };
		371B32FF28F17EA900E6DD67 /* DiamondMemberState.swift in Sources */ = {isa = PBXBuildFile; fileRef = 371B32FE28F17EA900E6DD67 /* DiamondMemberState.swift */; };
		371B330128F17ED900E6DD67 /* User.swift in Sources */ = {isa = PBXBuildFile; fileRef = 371B330028F17ED900E6DD67 /* User.swift */; };
		371B330328F19D6100E6DD67 /* DataSource.swift in Sources */ = {isa = PBXBuildFile; fileRef = 371B330228F19D6100E6DD67 /* DataSource.swift */; };
		371B330528F19E1600E6DD67 /* MemoryStorage.swift in Sources */ = {isa = PBXBuildFile; fileRef = 371B330428F19E1600E6DD67 /* MemoryStorage.swift */; };
		371B330728F19E2800E6DD67 /* CoreDataStorage.swift in Sources */ = {isa = PBXBuildFile; fileRef = 371B330628F19E2800E6DD67 /* CoreDataStorage.swift */; };
		371B330928F19E3E00E6DD67 /* RealmStorage.swift in Sources */ = {isa = PBXBuildFile; fileRef = 371B330828F19E3E00E6DD67 /* RealmStorage.swift */; };
		371B330B28F19E6F00E6DD67 /* ListController.swift in Sources */ = {isa = PBXBuildFile; fileRef = 371B330A28F19E6F00E6DD67 /* ListController.swift */; };
		371B331F28F2F5B100E6DD67 /* Mark.swift in Sources */ = {isa = PBXBuildFile; fileRef = 371B331E28F2F5B100E6DD67 /* Mark.swift */; };
		371B332228F2F5F800E6DD67 /* Dot.swift in Sources */ = {isa = PBXBuildFile; fileRef = 371B332128F2F5F800E6DD67 /* Dot.swift */; };
		371B332428F2F60600E6DD67 /* Vertex.swift in Sources */ = {isa = PBXBuildFile; fileRef = 371B332328F2F60600E6DD67 /* Vertex.swift */; };
		371B332628F2F61300E6DD67 /* Stroke.swift in Sources */ = {isa = PBXBuildFile; fileRef = 371B332528F2F61300E6DD67 /* Stroke.swift */; };
		371B332928F2F63700E6DD67 /* MarkVisitor.swift in Sources */ = {isa = PBXBuildFile; fileRef = 371B332828F2F63700E6DD67 /* MarkVisitor.swift */; };
		371B332B28F2F65600E6DD67 /* MarkRender.swift in Sources */ = {isa = PBXBuildFile; fileRef = 371B332A28F2F65600E6DD67 /* MarkRender.swift */; };
		3725965328B85BF100CCD0A4 /* Target.swift in Sources */ = {isa = PBXBuildFile; fileRef = 3725965228B85BF100CCD0A4 /* Target.swift */; };
		3725965528B85C0700CCD0A4 /* USDAdaptee.swift in Sources */ = {isa = PBXBuildFile; fileRef = 3725965428B85C0700CCD0A4 /* USDAdaptee.swift */; };
		3725965728B85C1B00CCD0A4 /* CNYAdapter.swift in Sources */ = {isa = PBXBuildFile; fileRef = 3725965628B85C1B00CCD0A4 /* CNYAdapter.swift */; };
		3725966428BF81CD00CCD0A4 /* Pay.swift in Sources */ = {isa = PBXBuildFile; fileRef = 3725966328BF81CC00CCD0A4 /* Pay.swift */; };
		3725966628BF81E200CCD0A4 /* WxPay.swift in Sources */ = {isa = PBXBuildFile; fileRef = 3725966528BF81E200CCD0A4 /* WxPay.swift */; };
		3725966828BF81F400CCD0A4 /* ZfbPay.swift in Sources */ = {isa = PBXBuildFile; fileRef = 3725966728BF81F400CCD0A4 /* ZfbPay.swift */; };
		3725966A28BF821D00CCD0A4 /* PayCypher.swift in Sources */ = {isa = PBXBuildFile; fileRef = 3725966928BF821D00CCD0A4 /* PayCypher.swift */; };
		3725966C28BF822B00CCD0A4 /* PayFaceMode.swift in Sources */ = {isa = PBXBuildFile; fileRef = 3725966B28BF822B00CCD0A4 /* PayFaceMode.swift */; };
		3725966E28BF824100CCD0A4 /* PayFingerprintMode.swift in Sources */ = {isa = PBXBuildFile; fileRef = 3725966D28BF824100CCD0A4 /* PayFingerprintMode.swift */; };
		3725967028BF836A00CCD0A4 /* PayModeProtocol.swift in Sources */ = {isa = PBXBuildFile; fileRef = 3725966F28BF836A00CCD0A4 /* PayModeProtocol.swift */; };
		3725967B28C1A62A00CCD0A4 /* Components.swift in Sources */ = {isa = PBXBuildFile; fileRef = 3725967A28C1A62A00CCD0A4 /* Components.swift */; };
		3725967D28C1AA3800CCD0A4 /* Leaf.swift in Sources */ = {isa = PBXBuildFile; fileRef = 3725967C28C1AA3800CCD0A4 /* Leaf.swift */; };
		3725967F28C1AA4D00CCD0A4 /* Composite.swift in Sources */ = {isa = PBXBuildFile; fileRef = 3725967E28C1AA4D00CCD0A4 /* Composite.swift */; };
		373E179A28ACC11200A79CAD /* AViewController.swift in Sources */ = {isa = PBXBuildFile; fileRef = 373E179928ACC11200A79CAD /* AViewController.swift */; };
		373E179C28ACC1D000A79CAD /* TableViewDelegate.swift in Sources */ = {isa = PBXBuildFile; fileRef = 373E179B28ACC1D000A79CAD /* TableViewDelegate.swift */; };
		373E179E28ACD53000A79CAD /* SubjectProtocol.swift in Sources */ = {isa = PBXBuildFile; fileRef = 373E179D28ACD53000A79CAD /* SubjectProtocol.swift */; };
		373E17A028ACDA4400A79CAD /* RealSubject.swift in Sources */ = {isa = PBXBuildFile; fileRef = 373E179F28ACDA4400A79CAD /* RealSubject.swift */; };
		373E17A228ACDA4F00A79CAD /* ProxyObject.swift in Sources */ = {isa = PBXBuildFile; fileRef = 373E17A128ACDA4F00A79CAD /* ProxyObject.swift */; };
		373E17AC28AD1AA000A79CAD /* DelegateManager.m in Sources */ = {isa = PBXBuildFile; fileRef = 373E17AB28AD1AA000A79CAD /* DelegateManager.m */; };
		373E17AF28AE153000A79CAD /* ATestViewController.m in Sources */ = {isa = PBXBuildFile; fileRef = 373E17AE28AE153000A79CAD /* ATestViewController.m */; };
		373E17B228AE173900A79CAD /* TestView.m in Sources */ = {isa = PBXBuildFile; fileRef = 373E17B128AE173900A79CAD /* TestView.m */; };
		373E17B528AE1EB200A79CAD /* BTestViewController.m in Sources */ = {isa = PBXBuildFile; fileRef = 373E17B428AE1EB200A79CAD /* BTestViewController.m */; };
		3743355C28D352B200A9F380 /* Hero.swift in Sources */ = {isa = PBXBuildFile; fileRef = 3743355B28D352B200A9F380 /* Hero.swift */; };
		3743355E28D353C200A9F380 /* Galen.swift in Sources */ = {isa = PBXBuildFile; fileRef = 3743355D28D353C200A9F380 /* Galen.swift */; };
		3743356028D353D600A9F380 /* Timo.swift in Sources */ = {isa = PBXBuildFile; fileRef = 3743355F28D353D600A9F380 /* Timo.swift */; };
		3743356228D355F600A9F380 /* BufferDecorator.swift in Sources */ = {isa = PBXBuildFile; fileRef = 3743356128D355F600A9F380 /* BufferDecorator.swift */; };
		3743356428D3578400A9F380 /* RedBuffDecorator.swift in Sources */ = {isa = PBXBuildFile; fileRef = 3743356328D3578400A9F380 /* RedBuffDecorator.swift */; };
		3743356628D3579500A9F380 /* BlueBuffDecorator.swift in Sources */ = {isa = PBXBuildFile; fileRef = 3743356528D3579500A9F380 /* BlueBuffDecorator.swift */; };
		3743356828DAC15D00A9F380 /* ImageEditor.swift in Sources */ = {isa = PBXBuildFile; fileRef = 3743356728DAC15D00A9F380 /* ImageEditor.swift */; };
		3743356A28DAC3B900A9F380 /* ImageDecorator.swift in Sources */ = {isa = PBXBuildFile; fileRef = 3743356928DAC3B900A9F380 /* ImageDecorator.swift */; };
		3743356C28DAE57000A9F380 /* UIImage+ImageEditor.swift in Sources */ = {isa = PBXBuildFile; fileRef = 3743356B28DAE57000A9F380 /* UIImage+ImageEditor.swift */; };
		3743356E28DAF4BA00A9F380 /* BaseFilterDecorator.swift in Sources */ = {isa = PBXBuildFile; fileRef = 3743356D28DAF4BA00A9F380 /* BaseFilterDecorator.swift */; };
		3743357428DAFA9D00A9F380 /* ResizerDecorator.swift in Sources */ = {isa = PBXBuildFile; fileRef = 3743357328DAFA9D00A9F380 /* ResizerDecorator.swift */; };
		3743357628DAFBF300A9F380 /* BlurFilter.swift in Sources */ = {isa = PBXBuildFile; fileRef = 3743357528DAFBF300A9F380 /* BlurFilter.swift */; };
		3743357828DAFC0C00A9F380 /* ColorFilter.swift in Sources */ = {isa = PBXBuildFile; fileRef = 3743357728DAFC0C00A9F380 /* ColorFilter.swift */; };
		376EC26C28A35B0C004972CD /* Observer.swift in Sources */ = {isa = PBXBuildFile; fileRef = 376EC26B28A35B0C004972CD /* Observer.swift */; };
		376EC26E28A35B25004972CD /* Subject.swift in Sources */ = {isa = PBXBuildFile; fileRef = 376EC26D28A35B25004972CD /* Subject.swift */; };
		376EC27028A35B34004972CD /* ObserverA.swift in Sources */ = {isa = PBXBuildFile; fileRef = 376EC26F28A35B34004972CD /* ObserverA.swift */; };
		376EC27228A35B42004972CD /* ObserverB.swift in Sources */ = {isa = PBXBuildFile; fileRef = 376EC27128A35B42004972CD /* ObserverB.swift */; };
		376EC27528A3ABC5004972CD /* MyNotification.swift in Sources */ = {isa = PBXBuildFile; fileRef = 376EC27428A3ABC5004972CD /* MyNotification.swift */; };
		376EC27728A3B923004972CD /* MyNotificationCenter.swift in Sources */ = {isa = PBXBuildFile; fileRef = 376EC27628A3B923004972CD /* MyNotificationCenter.swift */; };
		376EC27B28A3B94D004972CD /* MySubject.swift in Sources */ = {isa = PBXBuildFile; fileRef = 376EC27A28A3B94D004972CD /* MySubject.swift */; };
		376EC27F28A3D6A8004972CD /* ArrayContains.swift in Sources */ = {isa = PBXBuildFile; fileRef = 376EC27E28A3D6A8004972CD /* ArrayContains.swift */; };
		37897EE6288E6DCD00D2481D /* AppDelegate.swift in Sources */ = {isa = PBXBuildFile; fileRef = 37897EE5288E6DCD00D2481D /* AppDelegate.swift */; };
		37897EE8288E6DCD00D2481D /* SceneDelegate.swift in Sources */ = {isa = PBXBuildFile; fileRef = 37897EE7288E6DCD00D2481D /* SceneDelegate.swift */; };
		37897EEA288E6DCD00D2481D /* ViewController.swift in Sources */ = {isa = PBXBuildFile; fileRef = 37897EE9288E6DCD00D2481D /* ViewController.swift */; };
		37897EED288E6DCD00D2481D /* Main.storyboard in Resources */ = {isa = PBXBuildFile; fileRef = 37897EEB288E6DCD00D2481D /* Main.storyboard */; };
		37897EEF288E6DCE00D2481D /* Assets.xcassets in Resources */ = {isa = PBXBuildFile; fileRef = 37897EEE288E6DCE00D2481D /* Assets.xcassets */; };
		37897EF2288E6DCE00D2481D /* LaunchScreen.storyboard in Resources */ = {isa = PBXBuildFile; fileRef = 37897EF0288E6DCE00D2481D /* LaunchScreen.storyboard */; };
		37897F20288E79B600D2481D /* MainPageCellFactory.swift in Sources */ = {isa = PBXBuildFile; fileRef = 37897F1F288E79B600D2481D /* MainPageCellFactory.swift */; };
		37897F26288E86AE00D2481D /* CellSingleton.swift in Sources */ = {isa = PBXBuildFile; fileRef = 37897F25288E86AE00D2481D /* CellSingleton.swift */; };
		37897F2C288FBD5D00D2481D /* MainPageCell.swift in Sources */ = {isa = PBXBuildFile; fileRef = 37897F2B288FBD5D00D2481D /* MainPageCell.swift */; };
		37897F2E288FC2C200D2481D /* MainPageJobCell.swift in Sources */ = {isa = PBXBuildFile; fileRef = 37897F2D288FC2C200D2481D /* MainPageJobCell.swift */; };
		37897F30288FC2E400D2481D /* MainPageCarCell.swift in Sources */ = {isa = PBXBuildFile; fileRef = 37897F2F288FC2E400D2481D /* MainPageCarCell.swift */; };
		37897F32288FD4A600D2481D /* MainPageHouseCell.swift in Sources */ = {isa = PBXBuildFile; fileRef = 37897F31288FD4A600D2481D /* MainPageHouseCell.swift */; };
		37897F34288FD67200D2481D /* MainPageCellModel.swift in Sources */ = {isa = PBXBuildFile; fileRef = 37897F33288FD67200D2481D /* MainPageCellModel.swift */; };
		37897F37288FEA4800D2481D /* String+Class.swift in Sources */ = {isa = PBXBuildFile; fileRef = 37897F36288FEA4800D2481D /* String+Class.swift */; };
		37E1A29C28912FBA00A2C887 /* MainViewController.swift in Sources */ = {isa = PBXBuildFile; fileRef = 37E1A29B28912FBA00A2C887 /* MainViewController.swift */; };
		37E1A2A42892AF4500A2C887 /* ViewAbstractFactory.swift in Sources */ = {isa = PBXBuildFile; fileRef = 37E1A2A32892AF4500A2C887 /* ViewAbstractFactory.swift */; };
		37E1A2A62892AF5B00A2C887 /* MainViewFactoryA.swift in Sources */ = {isa = PBXBuildFile; fileRef = 37E1A2A52892AF5B00A2C887 /* MainViewFactoryA.swift */; };
		37E1A2A82892AF6D00A2C887 /* MainViewFactoryB.swift in Sources */ = {isa = PBXBuildFile; fileRef = 37E1A2A72892AF6D00A2C887 /* MainViewFactoryB.swift */; };
		37E1A2AA2892AFB200A2C887 /* TopViewProtocol.swift in Sources */ = {isa = PBXBuildFile; fileRef = 37E1A2A92892AFB200A2C887 /* TopViewProtocol.swift */; };
		37E1A2AC2892AFC800A2C887 /* MiddleViewProtocol.swift in Sources */ = {isa = PBXBuildFile; fileRef = 37E1A2AB2892AFC800A2C887 /* MiddleViewProtocol.swift */; };
		37E1A2B32892C02300A2C887 /* TopLoginView.swift in Sources */ = {isa = PBXBuildFile; fileRef = 37E1A2B22892C02300A2C887 /* TopLoginView.swift */; };
		37E1A2B52892C03300A2C887 /* TopSearchView.swift in Sources */ = {isa = PBXBuildFile; fileRef = 37E1A2B42892C03300A2C887 /* TopSearchView.swift */; };
		37E1A2B72892C05100A2C887 /* MiddleWalletView.swift in Sources */ = {isa = PBXBuildFile; fileRef = 37E1A2B62892C05100A2C887 /* MiddleWalletView.swift */; };
		37E1A2B92892C06200A2C887 /* MiddleCategoryView.swift in Sources */ = {isa = PBXBuildFile; fileRef = 37E1A2B82892C06200A2C887 /* MiddleCategoryView.swift */; };
		37E1A2CE2899075400A2C887 /* MyPopupView.m in Sources */ = {isa = PBXBuildFile; fileRef = 37E1A2CD2899075400A2C887 /* MyPopupView.m */; };
		37E1A2D12899084E00A2C887 /* PopupViewBuilder.m in Sources */ = {isa = PBXBuildFile; fileRef = 37E1A2D02899084E00A2C887 /* PopupViewBuilder.m */; };
		37EB934428F3FC750040872A /* CanvasView.swift in Sources */ = {isa = PBXBuildFile; fileRef = 37EB934328F3FC750040872A /* CanvasView.swift */; };
		37EB934628F400D20040872A /* VisitorTestViewController.swift in Sources */ = {isa = PBXBuildFile; fileRef = 37EB934528F400D20040872A /* VisitorTestViewController.swift */; };
		37EB934828F40BA80040872A /* PermissionAccessor.swift in Sources */ = {isa = PBXBuildFile; fileRef = 37EB934728F40BA80040872A /* PermissionAccessor.swift */; };
		37EB934A28F40BEF0040872A /* CameraAccessor.swift in Sources */ = {isa = PBXBuildFile; fileRef = 37EB934928F40BEF0040872A /* CameraAccessor.swift */; };
		37EB934C28F40C040040872A /* MicroPhoneAccessor.swift in Sources */ = {isa = PBXBuildFile; fileRef = 37EB934B28F40C040040872A /* MicroPhoneAccessor.swift */; };
		37EB934E28F40C1C0040872A /* PhotoLibraryAccessor.swift in Sources */ = {isa = PBXBuildFile; fileRef = 37EB934D28F40C1C0040872A /* PhotoLibraryAccessor.swift */; };
		37FE96F228DC38AF00D648E7 /* Component.swift in Sources */ = {isa = PBXBuildFile; fileRef = 37FE96F128DC38AF00D648E7 /* Component.swift */; };
		37FE96F428DC3F0700D648E7 /* Theme.swift in Sources */ = {isa = PBXBuildFile; fileRef = 37FE96F328DC3F0700D648E7 /* Theme.swift */; };
		37FE96F628DC463E00D648E7 /* ButtonTheme.swift in Sources */ = {isa = PBXBuildFile; fileRef = 37FE96F528DC463E00D648E7 /* ButtonTheme.swift */; };
		37FE96FA28DC467100D648E7 /* LabelTheme.swift in Sources */ = {isa = PBXBuildFile; fileRef = 37FE96F928DC467100D648E7 /* LabelTheme.swift */; };
		37FE96FD28DC844200D648E7 /* UIImageView+DownloadImage.swift in Sources */ = {isa = PBXBuildFile; fileRef = 37FE96FC28DC844200D648E7 /* UIImageView+DownloadImage.swift */; };
		37FE96FF28DC847E00D648E7 /* ImageDownloader.swift in Sources */ = {isa = PBXBuildFile; fileRef = 37FE96FE28DC847E00D648E7 /* ImageDownloader.swift */; };
		37FE970528E1947400D648E7 /* Cell.swift in Sources */ = {isa = PBXBuildFile; fileRef = 37FE970428E1947400D648E7 /* Cell.swift */; };
		37FE970728E1A1FE00D648E7 /* CellFactory.swift in Sources */ = {isa = PBXBuildFile; fileRef = 37FE970628E1A1FE00D648E7 /* CellFactory.swift */; };
		37FE970928E4686600D648E7 /* Handler.swift in Sources */ = {isa = PBXBuildFile; fileRef = 37FE970828E4686600D648E7 /* Handler.swift */; };
		37FE970B28E4688C00D648E7 /* LoginHandler.swift in Sources */ = {isa = PBXBuildFile; fileRef = 37FE970A28E4688C00D648E7 /* LoginHandler.swift */; };
		37FE970D28E4689E00D648E7 /* BaseHandler.swift in Sources */ = {isa = PBXBuildFile; fileRef = 37FE970C28E4689E00D648E7 /* BaseHandler.swift */; };
		37FE970F28E468B500D648E7 /* SignUpHandler.swift in Sources */ = {isa = PBXBuildFile; fileRef = 37FE970E28E468B500D648E7 /* SignUpHandler.swift */; };
		37FE971128E541D900D648E7 /* LocationHandler.swift in Sources */ = {isa = PBXBuildFile; fileRef = 37FE971028E541D900D648E7 /* LocationHandler.swift */; };
		37FE971328E541F200D648E7 /* NotificationHandler.swift in Sources */ = {isa = PBXBuildFile; fileRef = 37FE971228E541F200D648E7 /* NotificationHandler.swift */; };
		37FE971528E5420B00D648E7 /* Request.swift in Sources */ = {isa = PBXBuildFile; fileRef = 37FE971428E5420B00D648E7 /* Request.swift */; };
		37FE971728E582ED00D648E7 /* BaseAuthVewController.swift in Sources */ = {isa = PBXBuildFile; fileRef = 37FE971628E582ED00D648E7 /* BaseAuthVewController.swift */; };
		37FE971928E583EF00D648E7 /* LoginViewController.swift in Sources */ = {isa = PBXBuildFile; fileRef = 37FE971828E583EF00D648E7 /* LoginViewController.swift */; };
		37FE971B28E5840100D648E7 /* SignUpViewController.swift in Sources */ = {isa = PBXBuildFile; fileRef = 37FE971A28E5840100D648E7 /* SignUpViewController.swift */; };
		37FE971D28E5B8B700D648E7 /* DelayOperation.swift in Sources */ = {isa = PBXBuildFile; fileRef = 37FE971C28E5B8B700D648E7 /* DelayOperation.swift */; };
		37FE971F28E5B8D600D648E7 /* WindowOperation.swift in Sources */ = {isa = PBXBuildFile; fileRef = 37FE971E28E5B8D600D648E7 /* WindowOperation.swift */; };
		37FE972128E5B8E700D648E7 /* DoorOperation.swift in Sources */ = {isa = PBXBuildFile; fileRef = 37FE972028E5B8E700D648E7 /* DoorOperation.swift */; };
		37FE972328E5B8FF00D648E7 /* TaxiOperation.swift in Sources */ = {isa = PBXBuildFile; fileRef = 37FE972228E5B8FF00D648E7 /* TaxiOperation.swift */; };
		37FE972528E5B95A00D648E7 /* SiriShortcuts.swift in Sources */ = {isa = PBXBuildFile; fileRef = 37FE972428E5B95A00D648E7 /* SiriShortcuts.swift */; };
/* End PBXBuildFile section */

/* Begin PBXFileReference section */
		16CF032D2611E88CA5795A31 /* Pods_DesignDemo.framework */ = {isa = PBXFileReference; explicitFileType = wrapper.framework; includeInIndex = 0; path = Pods_DesignDemo.framework; sourceTree = BUILT_PRODUCTS_DIR; };
		3706965C28A0BDB90021E482 /* PopupViewMaker.h */ = {isa = PBXFileReference; lastKnownFileType = sourcecode.c.h; path = PopupViewMaker.h; sourceTree = "<group>"; };
		3706965D28A0BDB90021E482 /* PopupViewMaker.m */ = {isa = PBXFileReference; lastKnownFileType = sourcecode.c.objc; path = PopupViewMaker.m; sourceTree = "<group>"; };
		3706965F28A0EA040021E482 /* UIView+PopupViewMaker.h */ = {isa = PBXFileReference; lastKnownFileType = sourcecode.c.h; path = "UIView+PopupViewMaker.h"; sourceTree = "<group>"; };
		3706966028A0EA040021E482 /* UIView+PopupViewMaker.m */ = {isa = PBXFileReference; lastKnownFileType = sourcecode.c.objc; path = "UIView+PopupViewMaker.m"; sourceTree = "<group>"; };
		3706966328A240F50021E482 /* Person.swift */ = {isa = PBXFileReference; lastKnownFileType = sourcecode.swift; path = Person.swift; sourceTree = "<group>"; };
		3706966528A241180021E482 /* Girl.swift */ = {isa = PBXFileReference; lastKnownFileType = sourcecode.swift; path = Girl.swift; sourceTree = "<group>"; };
		3706966728A241270021E482 /* Boy.swift */ = {isa = PBXFileReference; lastKnownFileType = sourcecode.swift; path = Boy.swift; sourceTree = "<group>"; };
		3710C3FB289BC11D005520CE /* TestBuilderViewController.h */ = {isa = PBXFileReference; lastKnownFileType = sourcecode.c.h; path = TestBuilderViewController.h; sourceTree = "<group>"; };
		3710C3FC289BC11D005520CE /* TestBuilderViewController.m */ = {isa = PBXFileReference; lastKnownFileType = sourcecode.c.objc; path = TestBuilderViewController.m; sourceTree = "<group>"; };
		3710C3FF289CCA67005520CE /* SingletonTest.h */ = {isa = PBXFileReference; lastKnownFileType = sourcecode.c.h; path = SingletonTest.h; sourceTree = "<group>"; };
		3710C400289CCA67005520CE /* SingletonTest.m */ = {isa = PBXFileReference; lastKnownFileType = sourcecode.c.objc; path = SingletonTest.m; sourceTree = "<group>"; };
		371B32C928EEC48900E6DD67 /* Receiver.swift */ = {isa = PBXFileReference; lastKnownFileType = sourcecode.swift; path = Receiver.swift; sourceTree = "<group>"; };
		371B32CB28EECAB300E6DD67 /* CommandProtocol.swift */ = {isa = PBXFileReference; lastKnownFileType = sourcecode.swift; path = CommandProtocol.swift; sourceTree = "<group>"; };
		371B32CD28EEFBA300E6DD67 /* EnlargeCommand.swift */ = {isa = PBXFileReference; lastKnownFileType = sourcecode.swift; path = EnlargeCommand.swift; sourceTree = "<group>"; };
		371B32CF28EEFBB600E6DD67 /* ReduceCommand.swift */ = {isa = PBXFileReference; lastKnownFileType = sourcecode.swift; path = ReduceCommand.swift; sourceTree = "<group>"; };
		371B32D128EF086300E6DD67 /* MyInvoker.swift */ = {isa = PBXFileReference; lastKnownFileType = sourcecode.swift; path = MyInvoker.swift; sourceTree = "<group>"; };
		371B32DA28F030AC00E6DD67 /* AbstractIterator.h */ = {isa = PBXFileReference; lastKnownFileType = sourcecode.c.h; path = AbstractIterator.h; sourceTree = "<group>"; };
		371B32DD28F030CD00E6DD67 /* ProductIterator.h */ = {isa = PBXFileReference; lastKnownFileType = sourcecode.c.h; path = ProductIterator.h; sourceTree = "<group>"; };
		371B32DE28F030CD00E6DD67 /* ProductIterator.m */ = {isa = PBXFileReference; lastKnownFileType = sourcecode.c.objc; path = ProductIterator.m; sourceTree = "<group>"; };
		371B32E028F030E800E6DD67 /* AbstractObjectList.h */ = {isa = PBXFileReference; lastKnownFileType = sourcecode.c.h; path = AbstractObjectList.h; sourceTree = "<group>"; };
		371B32E128F030E800E6DD67 /* AbstractObjectList.m */ = {isa = PBXFileReference; lastKnownFileType = sourcecode.c.objc; path = AbstractObjectList.m; sourceTree = "<group>"; };
		371B32E328F030FC00E6DD67 /* ProductList.h */ = {isa = PBXFileReference; lastKnownFileType = sourcecode.c.h; path = ProductList.h; sourceTree = "<group>"; };
		371B32E428F030FC00E6DD67 /* ProductList.m */ = {isa = PBXFileReference; lastKnownFileType = sourcecode.c.objc; path = ProductList.m; sourceTree = "<group>"; };
		371B32E628F05ED400E6DD67 /* News.swift */ = {isa = PBXFileReference; lastKnownFileType = sourcecode.swift; path = News.swift; sourceTree = "<group>"; };
		371B32E828F05F4500E6DD67 /* ScreenMediator.swift */ = {isa = PBXFileReference; lastKnownFileType = sourcecode.swift; path = ScreenMediator.swift; sourceTree = "<group>"; };
		371B32EA28F05F6700E6DD67 /* NewsFeedViewController.swift */ = {isa = PBXFileReference; lastKnownFileType = sourcecode.swift; path = NewsFeedViewController.swift; sourceTree = "<group>"; };
		371B32EC28F05F8100E6DD67 /* NewsDetailViewController.swift */ = {isa = PBXFileReference; lastKnownFileType = sourcecode.swift; path = NewsDetailViewController.swift; sourceTree = "<group>"; };
		371B32EE28F05FA900E6DD67 /* ProfileViewController.swift */ = {isa = PBXFileReference; lastKnownFileType = sourcecode.swift; path = ProfileViewController.swift; sourceTree = "<group>"; };
		371B32F028F1226200E6DD67 /* UITextView+Memento.swift */ = {isa = PBXFileReference; lastKnownFileType = sourcecode.swift; path = "UITextView+Memento.swift"; sourceTree = "<group>"; };
		371B32F228F1227600E6DD67 /* UndoStack.swift */ = {isa = PBXFileReference; lastKnownFileType = sourcecode.swift; path = UndoStack.swift; sourceTree = "<group>"; };
		371B32F428F1228600E6DD67 /* Memento.swift */ = {isa = PBXFileReference; lastKnownFileType = sourcecode.swift; path = Memento.swift; sourceTree = "<group>"; };
		371B32F628F17D8A00E6DD67 /* MemberState.swift */ = {isa = PBXFileReference; lastKnownFileType = sourcecode.swift; path = MemberState.swift; sourceTree = "<group>"; };
		371B32F828F17DD900E6DD67 /* NormalMemberState.swift */ = {isa = PBXFileReference; lastKnownFileType = sourcecode.swift; path = NormalMemberState.swift; sourceTree = "<group>"; };
		371B32FA28F17DEB00E6DD67 /* GoldMemberState.swift */ = {isa = PBXFileReference; lastKnownFileType = sourcecode.swift; path = GoldMemberState.swift; sourceTree = "<group>"; };
		371B32FC28F17E0F00E6DD67 /* PlatinumMemberState.swift */ = {isa = PBXFileReference; lastKnownFileType = sourcecode.swift; path = PlatinumMemberState.swift; sourceTree = "<group>"; };
		371B32FE28F17EA900E6DD67 /* DiamondMemberState.swift */ = {isa = PBXFileReference; lastKnownFileType = sourcecode.swift; path = DiamondMemberState.swift; sourceTree = "<group>"; };
		371B330028F17ED900E6DD67 /* User.swift */ = {isa = PBXFileReference; lastKnownFileType = sourcecode.swift; path = User.swift; sourceTree = "<group>"; };
		371B330228F19D6100E6DD67 /* DataSource.swift */ = {isa = PBXFileReference; lastKnownFileType = sourcecode.swift; path = DataSource.swift; sourceTree = "<group>"; };
		371B330428F19E1600E6DD67 /* MemoryStorage.swift */ = {isa = PBXFileReference; lastKnownFileType = sourcecode.swift; path = MemoryStorage.swift; sourceTree = "<group>"; };
		371B330628F19E2800E6DD67 /* CoreDataStorage.swift */ = {isa = PBXFileReference; lastKnownFileType = sourcecode.swift; path = CoreDataStorage.swift; sourceTree = "<group>"; };
		371B330828F19E3E00E6DD67 /* RealmStorage.swift */ = {isa = PBXFileReference; lastKnownFileType = sourcecode.swift; path = RealmStorage.swift; sourceTree = "<group>"; };
		371B330A28F19E6F00E6DD67 /* ListController.swift */ = {isa = PBXFileReference; lastKnownFileType = sourcecode.swift; path = ListController.swift; sourceTree = "<group>"; };
		371B331E28F2F5B100E6DD67 /* Mark.swift */ = {isa = PBXFileReference; lastKnownFileType = sourcecode.swift; path = Mark.swift; sourceTree = "<group>"; };
		371B332128F2F5F800E6DD67 /* Dot.swift */ = {isa = PBXFileReference; lastKnownFileType = sourcecode.swift; path = Dot.swift; sourceTree = "<group>"; };
		371B332328F2F60600E6DD67 /* Vertex.swift */ = {isa = PBXFileReference; lastKnownFileType = sourcecode.swift; path = Vertex.swift; sourceTree = "<group>"; };
		371B332528F2F61300E6DD67 /* Stroke.swift */ = {isa = PBXFileReference; lastKnownFileType = sourcecode.swift; path = Stroke.swift; sourceTree = "<group>"; };
		371B332828F2F63700E6DD67 /* MarkVisitor.swift */ = {isa = PBXFileReference; lastKnownFileType = sourcecode.swift; path = MarkVisitor.swift; sourceTree = "<group>"; };
		371B332A28F2F65600E6DD67 /* MarkRender.swift */ = {isa = PBXFileReference; lastKnownFileType = sourcecode.swift; path = MarkRender.swift; sourceTree = "<group>"; };
		3725965228B85BF100CCD0A4 /* Target.swift */ = {isa = PBXFileReference; lastKnownFileType = sourcecode.swift; path = Target.swift; sourceTree = "<group>"; };
		3725965428B85C0700CCD0A4 /* USDAdaptee.swift */ = {isa = PBXFileReference; lastKnownFileType = sourcecode.swift; path = USDAdaptee.swift; sourceTree = "<group>"; };
		3725965628B85C1B00CCD0A4 /* CNYAdapter.swift */ = {isa = PBXFileReference; lastKnownFileType = sourcecode.swift; path = CNYAdapter.swift; sourceTree = "<group>"; };
		3725966328BF81CC00CCD0A4 /* Pay.swift */ = {isa = PBXFileReference; lastKnownFileType = sourcecode.swift; path = Pay.swift; sourceTree = "<group>"; };
		3725966528BF81E200CCD0A4 /* WxPay.swift */ = {isa = PBXFileReference; lastKnownFileType = sourcecode.swift; path = WxPay.swift; sourceTree = "<group>"; };
		3725966728BF81F400CCD0A4 /* ZfbPay.swift */ = {isa = PBXFileReference; lastKnownFileType = sourcecode.swift; path = ZfbPay.swift; sourceTree = "<group>"; };
		3725966928BF821D00CCD0A4 /* PayCypher.swift */ = {isa = PBXFileReference; lastKnownFileType = sourcecode.swift; path = PayCypher.swift; sourceTree = "<group>"; };
		3725966B28BF822B00CCD0A4 /* PayFaceMode.swift */ = {isa = PBXFileReference; lastKnownFileType = sourcecode.swift; path = PayFaceMode.swift; sourceTree = "<group>"; };
		3725966D28BF824100CCD0A4 /* PayFingerprintMode.swift */ = {isa = PBXFileReference; lastKnownFileType = sourcecode.swift; path = PayFingerprintMode.swift; sourceTree = "<group>"; };
		3725966F28BF836A00CCD0A4 /* PayModeProtocol.swift */ = {isa = PBXFileReference; lastKnownFileType = sourcecode.swift; path = PayModeProtocol.swift; sourceTree = "<group>"; };
		3725967A28C1A62A00CCD0A4 /* Components.swift */ = {isa = PBXFileReference; lastKnownFileType = sourcecode.swift; path = Components.swift; sourceTree = "<group>"; };
		3725967C28C1AA3800CCD0A4 /* Leaf.swift */ = {isa = PBXFileReference; lastKnownFileType = sourcecode.swift; path = Leaf.swift; sourceTree = "<group>"; };
		3725967E28C1AA4D00CCD0A4 /* Composite.swift */ = {isa = PBXFileReference; lastKnownFileType = sourcecode.swift; path = Composite.swift; sourceTree = "<group>"; };
		373E179928ACC11200A79CAD /* AViewController.swift */ = {isa = PBXFileReference; lastKnownFileType = sourcecode.swift; path = AViewController.swift; sourceTree = "<group>"; };
		373E179B28ACC1D000A79CAD /* TableViewDelegate.swift */ = {isa = PBXFileReference; lastKnownFileType = sourcecode.swift; path = TableViewDelegate.swift; sourceTree = "<group>"; };
		373E179D28ACD53000A79CAD /* SubjectProtocol.swift */ = {isa = PBXFileReference; lastKnownFileType = sourcecode.swift; path = SubjectProtocol.swift; sourceTree = "<group>"; };
		373E179F28ACDA4400A79CAD /* RealSubject.swift */ = {isa = PBXFileReference; lastKnownFileType = sourcecode.swift; path = RealSubject.swift; sourceTree = "<group>"; };
		373E17A128ACDA4F00A79CAD /* ProxyObject.swift */ = {isa = PBXFileReference; lastKnownFileType = sourcecode.swift; path = ProxyObject.swift; sourceTree = "<group>"; };
		373E17AA28AD1AA000A79CAD /* DelegateManager.h */ = {isa = PBXFileReference; lastKnownFileType = sourcecode.c.h; path = DelegateManager.h; sourceTree = "<group>"; };
		373E17AB28AD1AA000A79CAD /* DelegateManager.m */ = {isa = PBXFileReference; lastKnownFileType = sourcecode.c.objc; path = DelegateManager.m; sourceTree = "<group>"; };
		373E17AD28AE153000A79CAD /* ATestViewController.h */ = {isa = PBXFileReference; lastKnownFileType = sourcecode.c.h; path = ATestViewController.h; sourceTree = "<group>"; };
		373E17AE28AE153000A79CAD /* ATestViewController.m */ = {isa = PBXFileReference; lastKnownFileType = sourcecode.c.objc; path = ATestViewController.m; sourceTree = "<group>"; };
		373E17B028AE173900A79CAD /* TestView.h */ = {isa = PBXFileReference; lastKnownFileType = sourcecode.c.h; path = TestView.h; sourceTree = "<group>"; };
		373E17B128AE173900A79CAD /* TestView.m */ = {isa = PBXFileReference; lastKnownFileType = sourcecode.c.objc; path = TestView.m; sourceTree = "<group>"; };
		373E17B328AE1EB200A79CAD /* BTestViewController.h */ = {isa = PBXFileReference; lastKnownFileType = sourcecode.c.h; path = BTestViewController.h; sourceTree = "<group>"; };
		373E17B428AE1EB200A79CAD /* BTestViewController.m */ = {isa = PBXFileReference; lastKnownFileType = sourcecode.c.objc; path = BTestViewController.m; sourceTree = "<group>"; };
		3743355B28D352B200A9F380 /* Hero.swift */ = {isa = PBXFileReference; lastKnownFileType = sourcecode.swift; path = Hero.swift; sourceTree = "<group>"; };
		3743355D28D353C200A9F380 /* Galen.swift */ = {isa = PBXFileReference; lastKnownFileType = sourcecode.swift; path = Galen.swift; sourceTree = "<group>"; };
		3743355F28D353D600A9F380 /* Timo.swift */ = {isa = PBXFileReference; lastKnownFileType = sourcecode.swift; path = Timo.swift; sourceTree = "<group>"; };
		3743356128D355F600A9F380 /* BufferDecorator.swift */ = {isa = PBXFileReference; lastKnownFileType = sourcecode.swift; path = BufferDecorator.swift; sourceTree = "<group>"; };
		3743356328D3578400A9F380 /* RedBuffDecorator.swift */ = {isa = PBXFileReference; lastKnownFileType = sourcecode.swift; path = RedBuffDecorator.swift; sourceTree = "<group>"; };
		3743356528D3579500A9F380 /* BlueBuffDecorator.swift */ = {isa = PBXFileReference; lastKnownFileType = sourcecode.swift; path = BlueBuffDecorator.swift; sourceTree = "<group>"; };
		3743356728DAC15D00A9F380 /* ImageEditor.swift */ = {isa = PBXFileReference; lastKnownFileType = sourcecode.swift; path = ImageEditor.swift; sourceTree = "<group>"; };
		3743356928DAC3B900A9F380 /* ImageDecorator.swift */ = {isa = PBXFileReference; lastKnownFileType = sourcecode.swift; path = ImageDecorator.swift; sourceTree = "<group>"; };
		3743356B28DAE57000A9F380 /* UIImage+ImageEditor.swift */ = {isa = PBXFileReference; lastKnownFileType = sourcecode.swift; path = "UIImage+ImageEditor.swift"; sourceTree = "<group>"; };
		3743356D28DAF4BA00A9F380 /* BaseFilterDecorator.swift */ = {isa = PBXFileReference; lastKnownFileType = sourcecode.swift; path = BaseFilterDecorator.swift; sourceTree = "<group>"; };
		3743357328DAFA9D00A9F380 /* ResizerDecorator.swift */ = {isa = PBXFileReference; lastKnownFileType = sourcecode.swift; path = ResizerDecorator.swift; sourceTree = "<group>"; };
		3743357528DAFBF300A9F380 /* BlurFilter.swift */ = {isa = PBXFileReference; lastKnownFileType = sourcecode.swift; path = BlurFilter.swift; sourceTree = "<group>"; };
		3743357728DAFC0C00A9F380 /* ColorFilter.swift */ = {isa = PBXFileReference; lastKnownFileType = sourcecode.swift; path = ColorFilter.swift; sourceTree = "<group>"; };
		376EC26B28A35B0C004972CD /* Observer.swift */ = {isa = PBXFileReference; lastKnownFileType = sourcecode.swift; path = Observer.swift; sourceTree = "<group>"; };
		376EC26D28A35B25004972CD /* Subject.swift */ = {isa = PBXFileReference; lastKnownFileType = sourcecode.swift; path = Subject.swift; sourceTree = "<group>"; };
		376EC26F28A35B34004972CD /* ObserverA.swift */ = {isa = PBXFileReference; lastKnownFileType = sourcecode.swift; path = ObserverA.swift; sourceTree = "<group>"; };
		376EC27128A35B42004972CD /* ObserverB.swift */ = {isa = PBXFileReference; lastKnownFileType = sourcecode.swift; path = ObserverB.swift; sourceTree = "<group>"; };
		376EC27428A3ABC5004972CD /* MyNotification.swift */ = {isa = PBXFileReference; lastKnownFileType = sourcecode.swift; path = MyNotification.swift; sourceTree = "<group>"; };
		376EC27628A3B923004972CD /* MyNotificationCenter.swift */ = {isa = PBXFileReference; lastKnownFileType = sourcecode.swift; path = MyNotificationCenter.swift; sourceTree = "<group>"; };
		376EC27A28A3B94D004972CD /* MySubject.swift */ = {isa = PBXFileReference; lastKnownFileType = sourcecode.swift; path = MySubject.swift; sourceTree = "<group>"; };
		376EC27E28A3D6A8004972CD /* ArrayContains.swift */ = {isa = PBXFileReference; lastKnownFileType = sourcecode.swift; path = ArrayContains.swift; sourceTree = "<group>"; };
		37897EE2288E6DCD00D2481D /* DesignDemo.app */ = {isa = PBXFileReference; explicitFileType = wrapper.application; includeInIndex = 0; path = DesignDemo.app; sourceTree = BUILT_PRODUCTS_DIR; };
		37897EE5288E6DCD00D2481D /* AppDelegate.swift */ = {isa = PBXFileReference; lastKnownFileType = sourcecode.swift; path = AppDelegate.swift; sourceTree = "<group>"; };
		37897EE7288E6DCD00D2481D /* SceneDelegate.swift */ = {isa = PBXFileReference; lastKnownFileType = sourcecode.swift; path = SceneDelegate.swift; sourceTree = "<group>"; };
		37897EE9288E6DCD00D2481D /* ViewController.swift */ = {isa = PBXFileReference; lastKnownFileType = sourcecode.swift; path = ViewController.swift; sourceTree = "<group>"; };
		37897EEC288E6DCD00D2481D /* Base */ = {isa = PBXFileReference; lastKnownFileType = file.storyboard; name = Base; path = Base.lproj/Main.storyboard; sourceTree = "<group>"; };
		37897EEE288E6DCE00D2481D /* Assets.xcassets */ = {isa = PBXFileReference; lastKnownFileType = folder.assetcatalog; path = Assets.xcassets; sourceTree = "<group>"; };
		37897EF1288E6DCE00D2481D /* Base */ = {isa = PBXFileReference; lastKnownFileType = file.storyboard; name = Base; path = Base.lproj/LaunchScreen.storyboard; sourceTree = "<group>"; };
		37897EF3288E6DCE00D2481D /* Info.plist */ = {isa = PBXFileReference; lastKnownFileType = text.plist.xml; path = Info.plist; sourceTree = "<group>"; };
		37897F1F288E79B600D2481D /* MainPageCellFactory.swift */ = {isa = PBXFileReference; lastKnownFileType = sourcecode.swift; path = MainPageCellFactory.swift; sourceTree = "<group>"; };
		37897F25288E86AE00D2481D /* CellSingleton.swift */ = {isa = PBXFileReference; fileEncoding = 4; lastKnownFileType = sourcecode.swift; path = CellSingleton.swift; sourceTree = "<group>"; };
		37897F2B288FBD5D00D2481D /* MainPageCell.swift */ = {isa = PBXFileReference; lastKnownFileType = sourcecode.swift; path = MainPageCell.swift; sourceTree = "<group>"; };
		37897F2D288FC2C200D2481D /* MainPageJobCell.swift */ = {isa = PBXFileReference; lastKnownFileType = sourcecode.swift; path = MainPageJobCell.swift; sourceTree = "<group>"; };
		37897F2F288FC2E400D2481D /* MainPageCarCell.swift */ = {isa = PBXFileReference; lastKnownFileType = sourcecode.swift; path = MainPageCarCell.swift; sourceTree = "<group>"; };
		37897F31288FD4A600D2481D /* MainPageHouseCell.swift */ = {isa = PBXFileReference; lastKnownFileType = sourcecode.swift; path = MainPageHouseCell.swift; sourceTree = "<group>"; };
		37897F33288FD67200D2481D /* MainPageCellModel.swift */ = {isa = PBXFileReference; lastKnownFileType = sourcecode.swift; path = MainPageCellModel.swift; sourceTree = "<group>"; };
		37897F36288FEA4800D2481D /* String+Class.swift */ = {isa = PBXFileReference; lastKnownFileType = sourcecode.swift; path = "String+Class.swift"; sourceTree = "<group>"; };
		37E1A29B28912FBA00A2C887 /* MainViewController.swift */ = {isa = PBXFileReference; lastKnownFileType = sourcecode.swift; path = MainViewController.swift; sourceTree = "<group>"; };
		37E1A2A32892AF4500A2C887 /* ViewAbstractFactory.swift */ = {isa = PBXFileReference; lastKnownFileType = sourcecode.swift; path = ViewAbstractFactory.swift; sourceTree = "<group>"; };
		37E1A2A52892AF5B00A2C887 /* MainViewFactoryA.swift */ = {isa = PBXFileReference; lastKnownFileType = sourcecode.swift; path = MainViewFactoryA.swift; sourceTree = "<group>"; };
		37E1A2A72892AF6D00A2C887 /* MainViewFactoryB.swift */ = {isa = PBXFileReference; lastKnownFileType = sourcecode.swift; path = MainViewFactoryB.swift; sourceTree = "<group>"; };
		37E1A2A92892AFB200A2C887 /* TopViewProtocol.swift */ = {isa = PBXFileReference; lastKnownFileType = sourcecode.swift; path = TopViewProtocol.swift; sourceTree = "<group>"; };
		37E1A2AB2892AFC800A2C887 /* MiddleViewProtocol.swift */ = {isa = PBXFileReference; lastKnownFileType = sourcecode.swift; path = MiddleViewProtocol.swift; sourceTree = "<group>"; };
		37E1A2B22892C02300A2C887 /* TopLoginView.swift */ = {isa = PBXFileReference; lastKnownFileType = sourcecode.swift; path = TopLoginView.swift; sourceTree = "<group>"; };
		37E1A2B42892C03300A2C887 /* TopSearchView.swift */ = {isa = PBXFileReference; lastKnownFileType = sourcecode.swift; path = TopSearchView.swift; sourceTree = "<group>"; };
		37E1A2B62892C05100A2C887 /* MiddleWalletView.swift */ = {isa = PBXFileReference; lastKnownFileType = sourcecode.swift; path = MiddleWalletView.swift; sourceTree = "<group>"; };
		37E1A2B82892C06200A2C887 /* MiddleCategoryView.swift */ = {isa = PBXFileReference; lastKnownFileType = sourcecode.swift; path = MiddleCategoryView.swift; sourceTree = "<group>"; };
		37E1A2BC2897723E00A2C887 /* Design-Swift.h */ = {isa = PBXFileReference; lastKnownFileType = sourcecode.c.h; path = "Design-Swift.h"; sourceTree = "<group>"; };
		37E1A2CC2899075400A2C887 /* MyPopupView.h */ = {isa = PBXFileReference; lastKnownFileType = sourcecode.c.h; path = MyPopupView.h; sourceTree = "<group>"; };
		37E1A2CD2899075400A2C887 /* MyPopupView.m */ = {isa = PBXFileReference; lastKnownFileType = sourcecode.c.objc; path = MyPopupView.m; sourceTree = "<group>"; };
		37E1A2CF2899084E00A2C887 /* PopupViewBuilder.h */ = {isa = PBXFileReference; lastKnownFileType = sourcecode.c.h; path = PopupViewBuilder.h; sourceTree = "<group>"; };
		37E1A2D02899084E00A2C887 /* PopupViewBuilder.m */ = {isa = PBXFileReference; lastKnownFileType = sourcecode.c.objc; path = PopupViewBuilder.m; sourceTree = "<group>"; };
		37EB934328F3FC750040872A /* CanvasView.swift */ = {isa = PBXFileReference; lastKnownFileType = sourcecode.swift; path = CanvasView.swift; sourceTree = "<group>"; };
		37EB934528F400D20040872A /* VisitorTestViewController.swift */ = {isa = PBXFileReference; lastKnownFileType = sourcecode.swift; path = VisitorTestViewController.swift; sourceTree = "<group>"; };
		37EB934728F40BA80040872A /* PermissionAccessor.swift */ = {isa = PBXFileReference; lastKnownFileType = sourcecode.swift; path = PermissionAccessor.swift; sourceTree = "<group>"; };
		37EB934928F40BEF0040872A /* CameraAccessor.swift */ = {isa = PBXFileReference; lastKnownFileType = sourcecode.swift; path = CameraAccessor.swift; sourceTree = "<group>"; };
		37EB934B28F40C040040872A /* MicroPhoneAccessor.swift */ = {isa = PBXFileReference; lastKnownFileType = sourcecode.swift; path = MicroPhoneAccessor.swift; sourceTree = "<group>"; };
		37EB934D28F40C1C0040872A /* PhotoLibraryAccessor.swift */ = {isa = PBXFileReference; lastKnownFileType = sourcecode.swift; path = PhotoLibraryAccessor.swift; sourceTree = "<group>"; };
		37FE96F128DC38AF00D648E7 /* Component.swift */ = {isa = PBXFileReference; lastKnownFileType = sourcecode.swift; path = Component.swift; sourceTree = "<group>"; };
		37FE96F328DC3F0700D648E7 /* Theme.swift */ = {isa = PBXFileReference; lastKnownFileType = sourcecode.swift; path = Theme.swift; sourceTree = "<group>"; };
		37FE96F528DC463E00D648E7 /* ButtonTheme.swift */ = {isa = PBXFileReference; lastKnownFileType = sourcecode.swift; path = ButtonTheme.swift; sourceTree = "<group>"; };
		37FE96F928DC467100D648E7 /* LabelTheme.swift */ = {isa = PBXFileReference; lastKnownFileType = sourcecode.swift; path = LabelTheme.swift; sourceTree = "<group>"; };
		37FE96FC28DC844200D648E7 /* UIImageView+DownloadImage.swift */ = {isa = PBXFileReference; lastKnownFileType = sourcecode.swift; path = "UIImageView+DownloadImage.swift"; sourceTree = "<group>"; };
		37FE96FE28DC847E00D648E7 /* ImageDownloader.swift */ = {isa = PBXFileReference; lastKnownFileType = sourcecode.swift; path = ImageDownloader.swift; sourceTree = "<group>"; };
		37FE970428E1947400D648E7 /* Cell.swift */ = {isa = PBXFileReference; lastKnownFileType = sourcecode.swift; path = Cell.swift; sourceTree = "<group>"; };
		37FE970628E1A1FE00D648E7 /* CellFactory.swift */ = {isa = PBXFileReference; lastKnownFileType = sourcecode.swift; path = CellFactory.swift; sourceTree = "<group>"; };
		37FE970828E4686600D648E7 /* Handler.swift */ = {isa = PBXFileReference; lastKnownFileType = sourcecode.swift; path = Handler.swift; sourceTree = "<group>"; };
		37FE970A28E4688C00D648E7 /* LoginHandler.swift */ = {isa = PBXFileReference; lastKnownFileType = sourcecode.swift; path = LoginHandler.swift; sourceTree = "<group>"; };
		37FE970C28E4689E00D648E7 /* BaseHandler.swift */ = {isa = PBXFileReference; lastKnownFileType = sourcecode.swift; path = BaseHandler.swift; sourceTree = "<group>"; };
		37FE970E28E468B500D648E7 /* SignUpHandler.swift */ = {isa = PBXFileReference; lastKnownFileType = sourcecode.swift; path = SignUpHandler.swift; sourceTree = "<group>"; };
		37FE971028E541D900D648E7 /* LocationHandler.swift */ = {isa = PBXFileReference; lastKnownFileType = sourcecode.swift; path = LocationHandler.swift; sourceTree = "<group>"; };
		37FE971228E541F200D648E7 /* NotificationHandler.swift */ = {isa = PBXFileReference; lastKnownFileType = sourcecode.swift; path = NotificationHandler.swift; sourceTree = "<group>"; };
		37FE971428E5420B00D648E7 /* Request.swift */ = {isa = PBXFileReference; lastKnownFileType = sourcecode.swift; path = Request.swift; sourceTree = "<group>"; };
		37FE971628E582ED00D648E7 /* BaseAuthVewController.swift */ = {isa = PBXFileReference; lastKnownFileType = sourcecode.swift; path = BaseAuthVewController.swift; sourceTree = "<group>"; };
		37FE971828E583EF00D648E7 /* LoginViewController.swift */ = {isa = PBXFileReference; lastKnownFileType = sourcecode.swift; path = LoginViewController.swift; sourceTree = "<group>"; };
		37FE971A28E5840100D648E7 /* SignUpViewController.swift */ = {isa = PBXFileReference; lastKnownFileType = sourcecode.swift; path = SignUpViewController.swift; sourceTree = "<group>"; };
		37FE971C28E5B8B700D648E7 /* DelayOperation.swift */ = {isa = PBXFileReference; lastKnownFileType = sourcecode.swift; path = DelayOperation.swift; sourceTree = "<group>"; };
		37FE971E28E5B8D600D648E7 /* WindowOperation.swift */ = {isa = PBXFileReference; lastKnownFileType = sourcecode.swift; path = WindowOperation.swift; sourceTree = "<group>"; };
		37FE972028E5B8E700D648E7 /* DoorOperation.swift */ = {isa = PBXFileReference; lastKnownFileType = sourcecode.swift; path = DoorOperation.swift; sourceTree = "<group>"; };
		37FE972228E5B8FF00D648E7 /* TaxiOperation.swift */ = {isa = PBXFileReference; lastKnownFileType = sourcecode.swift; path = TaxiOperation.swift; sourceTree = "<group>"; };
		37FE972428E5B95A00D648E7 /* SiriShortcuts.swift */ = {isa = PBXFileReference; lastKnownFileType = sourcecode.swift; path = SiriShortcuts.swift; sourceTree = "<group>"; };
		9E4B54E99B49054058D4185D /* Pods-DesignDemo.debug.xcconfig */ = {isa = PBXFileReference; includeInIndex = 1; lastKnownFileType = text.xcconfig; name = "Pods-DesignDemo.debug.xcconfig"; path = "Target Support Files/Pods-DesignDemo/Pods-DesignDemo.debug.xcconfig"; sourceTree = "<group>"; };
		FBACEEF676B92AA0FBA83E33 /* Pods-DesignDemo.release.xcconfig */ = {isa = PBXFileReference; includeInIndex = 1; lastKnownFileType = text.xcconfig; name = "Pods-DesignDemo.release.xcconfig"; path = "Target Support Files/Pods-DesignDemo/Pods-DesignDemo.release.xcconfig"; sourceTree = "<group>"; };
/* End PBXFileReference section */

/* Begin PBXFrameworksBuildPhase section */
		37897EDF288E6DCD00D2481D /* Frameworks */ = {
			isa = PBXFrameworksBuildPhase;
			buildActionMask = 2147483647;
			files = (
				164207EAF50F5B9B7AAC30F4 /* Pods_DesignDemo.framework in Frameworks */,
			);
			runOnlyForDeploymentPostprocessing = 0;
		};
/* End PBXFrameworksBuildPhase section */

/* Begin PBXGroup section */
		184CA908F5C59C78796D14BE /* Frameworks */ = {
			isa = PBXGroup;
			children = (
				16CF032D2611E88CA5795A31 /* Pods_DesignDemo.framework */,
			);
			name = Frameworks;
			sourceTree = "<group>";
		};
		3706966228A0F7590021E482 /* 5_Observer */ = {
			isa = PBXGroup;
			children = (
				376EC27328A38682004972CD /* example */,
				376EC27428A3ABC5004972CD /* MyNotification.swift */,
				376EC27628A3B923004972CD /* MyNotificationCenter.swift */,
				376EC27A28A3B94D004972CD /* MySubject.swift */,
			);
			path = 5_Observer;
			sourceTree = "<group>";
		};
		3710C3FE289CCA1F005520CE /* 4_Single */ = {
			isa = PBXGroup;
			children = (
				37897F25288E86AE00D2481D /* CellSingleton.swift */,
				3710C3FF289CCA67005520CE /* SingletonTest.h */,
				3710C400289CCA67005520CE /* SingletonTest.m */,
			);
			path = 4_Single;
			sourceTree = "<group>";
		};
		371B32C528EEC42700E6DD67 /* example */ = {
			isa = PBXGroup;
			children = (
				37FE972028E5B8E700D648E7 /* DoorOperation.swift */,
				37FE971E28E5B8D600D648E7 /* WindowOperation.swift */,
				37FE972428E5B95A00D648E7 /* SiriShortcuts.swift */,
				37FE972228E5B8FF00D648E7 /* TaxiOperation.swift */,
				37FE971C28E5B8B700D648E7 /* DelayOperation.swift */,
			);
			path = example;
			sourceTree = "<group>";
		};
		371B32D328F02AFB00E6DD67 /* 15_Iterator */ = {
			isa = PBXGroup;
			children = (
				371B32DA28F030AC00E6DD67 /* AbstractIterator.h */,
				371B32DD28F030CD00E6DD67 /* ProductIterator.h */,
				371B32DE28F030CD00E6DD67 /* ProductIterator.m */,
				371B32E028F030E800E6DD67 /* AbstractObjectList.h */,
				371B32E128F030E800E6DD67 /* AbstractObjectList.m */,
				371B32E328F030FC00E6DD67 /* ProductList.h */,
				371B32E428F030FC00E6DD67 /* ProductList.m */,
			);
			path = 15_Iterator;
			sourceTree = "<group>";
		};
		371B32D428F02B1400E6DD67 /* 16_Mediator */ = {
			isa = PBXGroup;
			children = (
				371B32E628F05ED400E6DD67 /* News.swift */,
				371B32E828F05F4500E6DD67 /* ScreenMediator.swift */,
				371B32EA28F05F6700E6DD67 /* NewsFeedViewController.swift */,
				371B32EC28F05F8100E6DD67 /* NewsDetailViewController.swift */,
				371B32EE28F05FA900E6DD67 /* ProfileViewController.swift */,
			);
			path = 16_Mediator;
			sourceTree = "<group>";
		};
		371B32D528F02B5B00E6DD67 /* 17_Memento */ = {
			isa = PBXGroup;
			children = (
				371B32F028F1226200E6DD67 /* UITextView+Memento.swift */,
				371B32F228F1227600E6DD67 /* UndoStack.swift */,
				371B32F428F1228600E6DD67 /* Memento.swift */,
			);
			path = 17_Memento;
			sourceTree = "<group>";
		};
		371B32D628F02B6F00E6DD67 /* 18_State */ = {
			isa = PBXGroup;
			children = (
				371B32F628F17D8A00E6DD67 /* MemberState.swift */,
				371B32F828F17DD900E6DD67 /* NormalMemberState.swift */,
				371B32FA28F17DEB00E6DD67 /* GoldMemberState.swift */,
				371B32FC28F17E0F00E6DD67 /* PlatinumMemberState.swift */,
				371B32FE28F17EA900E6DD67 /* DiamondMemberState.swift */,
				371B330028F17ED900E6DD67 /* User.swift */,
			);
			path = 18_State;
			sourceTree = "<group>";
		};
		371B32D728F02B8700E6DD67 /* 19_Strategy */ = {
			isa = PBXGroup;
			children = (
				371B330228F19D6100E6DD67 /* DataSource.swift */,
				371B330428F19E1600E6DD67 /* MemoryStorage.swift */,
				371B330628F19E2800E6DD67 /* CoreDataStorage.swift */,
				371B330828F19E3E00E6DD67 /* RealmStorage.swift */,
				371B330A28F19E6F00E6DD67 /* ListController.swift */,
			);
			path = 19_Strategy;
			sourceTree = "<group>";
		};
		371B32D828F02BE000E6DD67 /* 20_Template */ = {
			isa = PBXGroup;
			children = (
				37EB934728F40BA80040872A /* PermissionAccessor.swift */,
				37EB934928F40BEF0040872A /* CameraAccessor.swift */,
				37EB934B28F40C040040872A /* MicroPhoneAccessor.swift */,
				37EB934D28F40C1C0040872A /* PhotoLibraryAccessor.swift */,
			);
			path = 20_Template;
			sourceTree = "<group>";
		};
		371B32D928F02BF400E6DD67 /* 21_Visitor */ = {
			isa = PBXGroup;
			children = (
				371B332728F2F61D00E6DD67 /* Visitor */,
				371B332028F2F5BB00E6DD67 /* Element */,
				37EB934328F3FC750040872A /* CanvasView.swift */,
				37EB934528F400D20040872A /* VisitorTestViewController.swift */,
			);
			path = 21_Visitor;
			sourceTree = "<group>";
		};
		371B332028F2F5BB00E6DD67 /* Element */ = {
			isa = PBXGroup;
			children = (
				371B331E28F2F5B100E6DD67 /* Mark.swift */,
				371B332128F2F5F800E6DD67 /* Dot.swift */,
				371B332328F2F60600E6DD67 /* Vertex.swift */,
				371B332528F2F61300E6DD67 /* Stroke.swift */,
			);
			path = Element;
			sourceTree = "<group>";
		};
		371B332728F2F61D00E6DD67 /* Visitor */ = {
			isa = PBXGroup;
			children = (
				371B332828F2F63700E6DD67 /* MarkVisitor.swift */,
				371B332A28F2F65600E6DD67 /* MarkRender.swift */,
			);
			path = Visitor;
			sourceTree = "<group>";
		};
		3725964B28B5018300CCD0A4 /* 7_Adapter */ = {
			isa = PBXGroup;
			children = (
				3725965128B85BD200CCD0A4 /* example */,
			);
			path = 7_Adapter;
			sourceTree = "<group>";
		};
		3725965128B85BD200CCD0A4 /* example */ = {
			isa = PBXGroup;
			children = (
				3725965228B85BF100CCD0A4 /* Target.swift */,
				3725965428B85C0700CCD0A4 /* USDAdaptee.swift */,
				3725965628B85C1B00CCD0A4 /* CNYAdapter.swift */,
			);
			path = example;
			sourceTree = "<group>";
		};
		3725965F28BDFCF500CCD0A4 /* 8_Bridge */ = {
			isa = PBXGroup;
			children = (
				3725966228BF7FC900CCD0A4 /* mode */,
				3725966128BF7FBA00CCD0A4 /* channel */,
			);
			path = 8_Bridge;
			sourceTree = "<group>";
		};
		3725966128BF7FBA00CCD0A4 /* channel */ = {
			isa = PBXGroup;
			children = (
				3725966928BF821D00CCD0A4 /* PayCypher.swift */,
				3725966B28BF822B00CCD0A4 /* PayFaceMode.swift */,
				3725966D28BF824100CCD0A4 /* PayFingerprintMode.swift */,
				3725966F28BF836A00CCD0A4 /* PayModeProtocol.swift */,
			);
			path = channel;
			sourceTree = "<group>";
		};
		3725966228BF7FC900CCD0A4 /* mode */ = {
			isa = PBXGroup;
			children = (
				3725966328BF81CC00CCD0A4 /* Pay.swift */,
				3725966528BF81E200CCD0A4 /* WxPay.swift */,
				3725966728BF81F400CCD0A4 /* ZfbPay.swift */,
			);
			path = mode;
			sourceTree = "<group>";
		};
		3725967928C1A3D500CCD0A4 /* 9_Composite */ = {
			isa = PBXGroup;
			children = (
				37FE96F028DC12DD00D648E7 /* example */,
				37FE96F128DC38AF00D648E7 /* Component.swift */,
				37FE96F328DC3F0700D648E7 /* Theme.swift */,
				37FE96F528DC463E00D648E7 /* ButtonTheme.swift */,
				37FE96F928DC467100D648E7 /* LabelTheme.swift */,
			);
			path = 9_Composite;
			sourceTree = "<group>";
		};
		373E179628ABB9D200A79CAD /* 6_Proxy */ = {
			isa = PBXGroup;
			children = (
				373E17A928AD1A2800A79CAD /* MultiProxyOC */,
				373E179728ABBB4100A79CAD /* example */,
				373E179928ACC11200A79CAD /* AViewController.swift */,
				373E179B28ACC1D000A79CAD /* TableViewDelegate.swift */,
			);
			path = 6_Proxy;
			sourceTree = "<group>";
		};
		373E179728ABBB4100A79CAD /* example */ = {
			isa = PBXGroup;
			children = (
				373E179D28ACD53000A79CAD /* SubjectProtocol.swift */,
				373E179F28ACDA4400A79CAD /* RealSubject.swift */,
				373E17A128ACDA4F00A79CAD /* ProxyObject.swift */,
			);
			path = example;
			sourceTree = "<group>";
		};
		373E17A928AD1A2800A79CAD /* MultiProxyOC */ = {
			isa = PBXGroup;
			children = (
				373E17B028AE173900A79CAD /* TestView.h */,
				373E17B128AE173900A79CAD /* TestView.m */,
				373E17AD28AE153000A79CAD /* ATestViewController.h */,
				373E17AE28AE153000A79CAD /* ATestViewController.m */,
				373E17B328AE1EB200A79CAD /* BTestViewController.h */,
				373E17B428AE1EB200A79CAD /* BTestViewController.m */,
				373E17AA28AD1AA000A79CAD /* DelegateManager.h */,
				373E17AB28AD1AA000A79CAD /* DelegateManager.m */,
			);
			path = MultiProxyOC;
			sourceTree = "<group>";
		};
		3743355928D33CC000A9F380 /* 10_Decorator */ = {
			isa = PBXGroup;
			children = (
				3743355A28D3528D00A9F380 /* example */,
				3743356728DAC15D00A9F380 /* ImageEditor.swift */,
				3743356B28DAE57000A9F380 /* UIImage+ImageEditor.swift */,
				3743356928DAC3B900A9F380 /* ImageDecorator.swift */,
				3743356D28DAF4BA00A9F380 /* BaseFilterDecorator.swift */,
				3743357528DAFBF300A9F380 /* BlurFilter.swift */,
				3743357728DAFC0C00A9F380 /* ColorFilter.swift */,
				3743357328DAFA9D00A9F380 /* ResizerDecorator.swift */,
			);
			path = 10_Decorator;
			sourceTree = "<group>";
		};
		3743355A28D3528D00A9F380 /* example */ = {
			isa = PBXGroup;
			children = (
				3743355B28D352B200A9F380 /* Hero.swift */,
				3743355D28D353C200A9F380 /* Galen.swift */,
				3743355F28D353D600A9F380 /* Timo.swift */,
				3743356128D355F600A9F380 /* BufferDecorator.swift */,
				3743356328D3578400A9F380 /* RedBuffDecorator.swift */,
				3743356528D3579500A9F380 /* BlueBuffDecorator.swift */,
			);
			path = example;
			sourceTree = "<group>";
		};
		376EC27328A38682004972CD /* example */ = {
			isa = PBXGroup;
			children = (
				376EC26B28A35B0C004972CD /* Observer.swift */,
				376EC26D28A35B25004972CD /* Subject.swift */,
				376EC26F28A35B34004972CD /* ObserverA.swift */,
				376EC27128A35B42004972CD /* ObserverB.swift */,
			);
			path = example;
			sourceTree = "<group>";
		};
		376EC27D28A3D68B004972CD /* Extens */ = {
			isa = PBXGroup;
			children = (
				376EC27E28A3D6A8004972CD /* ArrayContains.swift */,
			);
			path = Extens;
			sourceTree = "<group>";
		};
		37897ED9288E6DCD00D2481D = {
			isa = PBXGroup;
			children = (
				37897EE4288E6DCD00D2481D /* DesignDemo */,
				37897EE3288E6DCD00D2481D /* Products */,
				E39B63C7BCC8E1C72149C330 /* Pods */,
				184CA908F5C59C78796D14BE /* Frameworks */,
			);
			sourceTree = "<group>";
		};
		37897EE3288E6DCD00D2481D /* Products */ = {
			isa = PBXGroup;
			children = (
				37897EE2288E6DCD00D2481D /* DesignDemo.app */,
			);
			name = Products;
			sourceTree = "<group>";
		};
		37897EE4288E6DCD00D2481D /* DesignDemo */ = {
			isa = PBXGroup;
			children = (
				376EC27D28A3D68B004972CD /* Extens */,
				37897F35288FE6FA00D2481D /* Utils */,
				37E1A2A12892AD6F00A2C887 /* 1_Factory */,
				37E1A2A02892AD5800A2C887 /* 2_AbstractFactory */,
				37E1A2CB2898C45400A2C887 /* 3_Builder */,
				3710C3FE289CCA1F005520CE /* 4_Single */,
				3706966228A0F7590021E482 /* 5_Observer */,
				373E179628ABB9D200A79CAD /* 6_Proxy */,
				3725964B28B5018300CCD0A4 /* 7_Adapter */,
				3725965F28BDFCF500CCD0A4 /* 8_Bridge */,
				3725967928C1A3D500CCD0A4 /* 9_Composite */,
				3743355928D33CC000A9F380 /* 10_Decorator */,
				37FE96FB28DC785400D648E7 /* 11_Facade */,
				37FE970028E17A5700D648E7 /* 12_Flyweight */,
				37FE970128E17A9500D648E7 /* 13_ChainResponsibility */,
				37FE970228E17ABA00D648E7 /* 14_Command */,
				371B32D328F02AFB00E6DD67 /* 15_Iterator */,
				371B32D428F02B1400E6DD67 /* 16_Mediator */,
				371B32D528F02B5B00E6DD67 /* 17_Memento */,
				371B32D628F02B6F00E6DD67 /* 18_State */,
				371B32D728F02B8700E6DD67 /* 19_Strategy */,
				371B32D828F02BE000E6DD67 /* 20_Template */,
				371B32D928F02BF400E6DD67 /* 21_Visitor */,
				37897EE7288E6DCD00D2481D /* SceneDelegate.swift */,
				37897EE5288E6DCD00D2481D /* AppDelegate.swift */,
				37897EE9288E6DCD00D2481D /* ViewController.swift */,
				37E1A2BC2897723E00A2C887 /* Design-Swift.h */,
				37897EEB288E6DCD00D2481D /* Main.storyboard */,
				37897EEE288E6DCE00D2481D /* Assets.xcassets */,
				37897EF0288E6DCE00D2481D /* LaunchScreen.storyboard */,
				37897EF3288E6DCE00D2481D /* Info.plist */,
			);
			path = DesignDemo;
			sourceTree = "<group>";
		};
		37897F1E288E758700D2481D /* CellFactory */ = {
			isa = PBXGroup;
			children = (
				37897F1F288E79B600D2481D /* MainPageCellFactory.swift */,
			);
			path = CellFactory;
			sourceTree = "<group>";
		};
		37897F35288FE6FA00D2481D /* Utils */ = {
			isa = PBXGroup;
			children = (
				37897F36288FEA4800D2481D /* String+Class.swift */,
				3706966528A241180021E482 /* Girl.swift */,
				3706966328A240F50021E482 /* Person.swift */,
				3706966728A241270021E482 /* Boy.swift */,
			);
			path = Utils;
			sourceTree = "<group>";
		};
		37E1A29D289133D000A2C887 /* Cell */ = {
			isa = PBXGroup;
			children = (
				37897F2D288FC2C200D2481D /* MainPageJobCell.swift */,
				37897F2F288FC2E400D2481D /* MainPageCarCell.swift */,
				37897F31288FD4A600D2481D /* MainPageHouseCell.swift */,
				37897F2B288FBD5D00D2481D /* MainPageCell.swift */,
			);
			path = Cell;
			sourceTree = "<group>";
		};
		37E1A29E289133E300A2C887 /* Model */ = {
			isa = PBXGroup;
			children = (
				37897F33288FD67200D2481D /* MainPageCellModel.swift */,
			);
			path = Model;
			sourceTree = "<group>";
		};
		37E1A2A02892AD5800A2C887 /* 2_AbstractFactory */ = {
			isa = PBXGroup;
			children = (
				37E1A2AD2892BA2800A2C887 /* View */,
				37E1A2A22892AD7E00A2C887 /* Factorys */,
			);
			path = 2_AbstractFactory;
			sourceTree = "<group>";
		};
		37E1A2A12892AD6F00A2C887 /* 1_Factory */ = {
			isa = PBXGroup;
			children = (
				37E1A29B28912FBA00A2C887 /* MainViewController.swift */,
				37E1A29E289133E300A2C887 /* Model */,
				37897F1E288E758700D2481D /* CellFactory */,
				37E1A29D289133D000A2C887 /* Cell */,
			);
			path = 1_Factory;
			sourceTree = "<group>";
		};
		37E1A2A22892AD7E00A2C887 /* Factorys */ = {
			isa = PBXGroup;
			children = (
				37E1A2A32892AF4500A2C887 /* ViewAbstractFactory.swift */,
				37E1A2A52892AF5B00A2C887 /* MainViewFactoryA.swift */,
				37E1A2A72892AF6D00A2C887 /* MainViewFactoryB.swift */,
			);
			name = Factorys;
			sourceTree = "<group>";
		};
		37E1A2AD2892BA2800A2C887 /* View */ = {
			isa = PBXGroup;
			children = (
				37E1A2BA2892C06800A2C887 /* TopView */,
				37E1A2BB2892C07100A2C887 /* MiddleView */,
			);
			name = View;
			sourceTree = "<group>";
		};
		37E1A2BA2892C06800A2C887 /* TopView */ = {
			isa = PBXGroup;
			children = (
				37E1A2A92892AFB200A2C887 /* TopViewProtocol.swift */,
				37E1A2B22892C02300A2C887 /* TopLoginView.swift */,
				37E1A2B42892C03300A2C887 /* TopSearchView.swift */,
			);
			name = TopView;
			sourceTree = "<group>";
		};
		37E1A2BB2892C07100A2C887 /* MiddleView */ = {
			isa = PBXGroup;
			children = (
				37E1A2AB2892AFC800A2C887 /* MiddleViewProtocol.swift */,
				37E1A2B62892C05100A2C887 /* MiddleWalletView.swift */,
				37E1A2B82892C06200A2C887 /* MiddleCategoryView.swift */,
			);
			name = MiddleView;
			sourceTree = "<group>";
		};
		37E1A2CB2898C45400A2C887 /* 3_Builder */ = {
			isa = PBXGroup;
			children = (
				37E1A2CC2899075400A2C887 /* MyPopupView.h */,
				37E1A2CD2899075400A2C887 /* MyPopupView.m */,
				37E1A2CF2899084E00A2C887 /* PopupViewBuilder.h */,
				37E1A2D02899084E00A2C887 /* PopupViewBuilder.m */,
				3710C3FB289BC11D005520CE /* TestBuilderViewController.h */,
				3710C3FC289BC11D005520CE /* TestBuilderViewController.m */,
				3706965C28A0BDB90021E482 /* PopupViewMaker.h */,
				3706965D28A0BDB90021E482 /* PopupViewMaker.m */,
				3706965F28A0EA040021E482 /* UIView+PopupViewMaker.h */,
				3706966028A0EA040021E482 /* UIView+PopupViewMaker.m */,
			);
			path = 3_Builder;
			sourceTree = "<group>";
		};
		37FE96F028DC12DD00D648E7 /* example */ = {
			isa = PBXGroup;
			children = (
				3725967A28C1A62A00CCD0A4 /* Components.swift */,
				3725967C28C1AA3800CCD0A4 /* Leaf.swift */,
				3725967E28C1AA4D00CCD0A4 /* Composite.swift */,
			);
			path = example;
			sourceTree = "<group>";
		};
		37FE96FB28DC785400D648E7 /* 11_Facade */ = {
			isa = PBXGroup;
			children = (
				37FE96FC28DC844200D648E7 /* UIImageView+DownloadImage.swift */,
				37FE96FE28DC847E00D648E7 /* ImageDownloader.swift */,
			);
			path = 11_Facade;
			sourceTree = "<group>";
		};
		37FE970028E17A5700D648E7 /* 12_Flyweight */ = {
			isa = PBXGroup;
			children = (
				37FE970428E1947400D648E7 /* Cell.swift */,
				37FE970628E1A1FE00D648E7 /* CellFactory.swift */,
			);
			path = 12_Flyweight;
			sourceTree = "<group>";
		};
		37FE970128E17A9500D648E7 /* 13_ChainResponsibility */ = {
			isa = PBXGroup;
			children = (
				37FE970828E4686600D648E7 /* Handler.swift */,
				37FE971428E5420B00D648E7 /* Request.swift */,
				37FE970C28E4689E00D648E7 /* BaseHandler.swift */,
				37FE970A28E4688C00D648E7 /* LoginHandler.swift */,
				37FE970E28E468B500D648E7 /* SignUpHandler.swift */,
				37FE971028E541D900D648E7 /* LocationHandler.swift */,
				37FE971228E541F200D648E7 /* NotificationHandler.swift */,
				37FE971628E582ED00D648E7 /* BaseAuthVewController.swift */,
				37FE971828E583EF00D648E7 /* LoginViewController.swift */,
				37FE971A28E5840100D648E7 /* SignUpViewController.swift */,
			);
			path = 13_ChainResponsibility;
			sourceTree = "<group>";
		};
		37FE970228E17ABA00D648E7 /* 14_Command */ = {
			isa = PBXGroup;
			children = (
				371B32C528EEC42700E6DD67 /* example */,
				371B32C928EEC48900E6DD67 /* Receiver.swift */,
				371B32CB28EECAB300E6DD67 /* CommandProtocol.swift */,
				371B32CD28EEFBA300E6DD67 /* EnlargeCommand.swift */,
				371B32CF28EEFBB600E6DD67 /* ReduceCommand.swift */,
				371B32D128EF086300E6DD67 /* MyInvoker.swift */,
			);
			path = 14_Command;
			sourceTree = "<group>";
		};
		E39B63C7BCC8E1C72149C330 /* Pods */ = {
			isa = PBXGroup;
			children = (
				9E4B54E99B49054058D4185D /* Pods-DesignDemo.debug.xcconfig */,
				FBACEEF676B92AA0FBA83E33 /* Pods-DesignDemo.release.xcconfig */,
			);
			path = Pods;
			sourceTree = "<group>";
		};
/* End PBXGroup section */

/* Begin PBXNativeTarget section */
		37897EE1288E6DCD00D2481D /* DesignDemo */ = {
			isa = PBXNativeTarget;
			buildConfigurationList = 37897EF6288E6DCE00D2481D /* Build configuration list for PBXNativeTarget "DesignDemo" */;
			buildPhases = (
				6DF1DB71B4E1A796518B3A8F /* [CP] Check Pods Manifest.lock */,
				37897EDE288E6DCD00D2481D /* Sources */,
				37897EDF288E6DCD00D2481D /* Frameworks */,
				37897EE0288E6DCD00D2481D /* Resources */,
				A84994152E034209F3F237F5 /* [CP] Embed Pods Frameworks */,
			);
			buildRules = (
			);
			dependencies = (
			);
			name = DesignDemo;
			productName = DesignDemo;
			productReference = 37897EE2288E6DCD00D2481D /* DesignDemo.app */;
			productType = "com.apple.product-type.application";
		};
/* End PBXNativeTarget section */

/* Begin PBXProject section */
		37897EDA288E6DCD00D2481D /* Project object */ = {
			isa = PBXProject;
			attributes = {
				BuildIndependentTargetsInParallel = 1;
				LastSwiftUpdateCheck = 1320;
				LastUpgradeCheck = 1320;
				TargetAttributes = {
					37897EE1288E6DCD00D2481D = {
						CreatedOnToolsVersion = 13.2.1;
						LastSwiftMigration = 1320;
					};
				};
			};
			buildConfigurationList = 37897EDD288E6DCD00D2481D /* Build configuration list for PBXProject "DesignDemo" */;
			compatibilityVersion = "Xcode 13.0";
			developmentRegion = en;
			hasScannedForEncodings = 0;
			knownRegions = (
				en,
				Base,
			);
			mainGroup = 37897ED9288E6DCD00D2481D;
			productRefGroup = 37897EE3288E6DCD00D2481D /* Products */;
			projectDirPath = "";
			projectRoot = "";
			targets = (
				37897EE1288E6DCD00D2481D /* DesignDemo */,
			);
		};
/* End PBXProject section */

/* Begin PBXResourcesBuildPhase section */
		37897EE0288E6DCD00D2481D /* Resources */ = {
			isa = PBXResourcesBuildPhase;
			buildActionMask = 2147483647;
			files = (
				37897EF2288E6DCE00D2481D /* LaunchScreen.storyboard in Resources */,
				37897EEF288E6DCE00D2481D /* Assets.xcassets in Resources */,
				37897EED288E6DCD00D2481D /* Main.storyboard in Resources */,
			);
			runOnlyForDeploymentPostprocessing = 0;
		};
/* End PBXResourcesBuildPhase section */

/* Begin PBXShellScriptBuildPhase section */
		6DF1DB71B4E1A796518B3A8F /* [CP] Check Pods Manifest.lock */ = {
			isa = PBXShellScriptBuildPhase;
			buildActionMask = 2147483647;
			files = (
			);
			inputFileListPaths = (
			);
			inputPaths = (
				"${PODS_PODFILE_DIR_PATH}/Podfile.lock",
				"${PODS_ROOT}/Manifest.lock",
			);
			name = "[CP] Check Pods Manifest.lock";
			outputFileListPaths = (
			);
			outputPaths = (
				"$(DERIVED_FILE_DIR)/Pods-DesignDemo-checkManifestLockResult.txt",
			);
			runOnlyForDeploymentPostprocessing = 0;
			shellPath = /bin/sh;
			shellScript = "diff \"${PODS_PODFILE_DIR_PATH}/Podfile.lock\" \"${PODS_ROOT}/Manifest.lock\" > /dev/null\nif [ $? != 0 ] ; then\n    # print error to STDERR\n    echo \"error: The sandbox is not in sync with the Podfile.lock. Run 'pod install' or update your CocoaPods installation.\" >&2\n    exit 1\nfi\n# This output is used by Xcode 'outputs' to avoid re-running this script phase.\necho \"SUCCESS\" > \"${SCRIPT_OUTPUT_FILE_0}\"\n";
			showEnvVarsInLog = 0;
		};
		A84994152E034209F3F237F5 /* [CP] Embed Pods Frameworks */ = {
			isa = PBXShellScriptBuildPhase;
			buildActionMask = 2147483647;
			files = (
			);
			inputFileListPaths = (
				"${PODS_ROOT}/Target Support Files/Pods-DesignDemo/Pods-DesignDemo-frameworks-${CONFIGURATION}-input-files.xcfilelist",
			);
			name = "[CP] Embed Pods Frameworks";
			outputFileListPaths = (
				"${PODS_ROOT}/Target Support Files/Pods-DesignDemo/Pods-DesignDemo-frameworks-${CONFIGURATION}-output-files.xcfilelist",
			);
			runOnlyForDeploymentPostprocessing = 0;
			shellPath = /bin/sh;
			shellScript = "\"${PODS_ROOT}/Target Support Files/Pods-DesignDemo/Pods-DesignDemo-frameworks.sh\"\n";
			showEnvVarsInLog = 0;
		};
/* End PBXShellScriptBuildPhase section */

/* Begin PBXSourcesBuildPhase section */
		37897EDE288E6DCD00D2481D /* Sources */ = {
			isa = PBXSourcesBuildPhase;
			buildActionMask = 2147483647;
			files = (
				371B32D228EF086300E6DD67 /* MyInvoker.swift in Sources */,
				373E179C28ACC1D000A79CAD /* TableViewDelegate.swift in Sources */,
				37EB934428F3FC750040872A /* CanvasView.swift in Sources */,
				37FE971328E541F200D648E7 /* NotificationHandler.swift in Sources */,
				371B32F328F1227600E6DD67 /* UndoStack.swift in Sources */,
				3706966628A241180021E482 /* Girl.swift in Sources */,
				376EC27528A3ABC5004972CD /* MyNotification.swift in Sources */,
				3743356828DAC15D00A9F380 /* ImageEditor.swift in Sources */,
				371B32CC28EECAB300E6DD67 /* CommandProtocol.swift in Sources */,
				3743356C28DAE57000A9F380 /* UIImage+ImageEditor.swift in Sources */,
				3743355C28D352B200A9F380 /* Hero.swift in Sources */,
				376EC27028A35B34004972CD /* ObserverA.swift in Sources */,
				376EC26C28A35B0C004972CD /* Observer.swift in Sources */,
				37E1A2B72892C05100A2C887 /* MiddleWalletView.swift in Sources */,
				3706966128A0EA040021E482 /* UIView+PopupViewMaker.m in Sources */,
				37897F37288FEA4800D2481D /* String+Class.swift in Sources */,
				37FE970528E1947400D648E7 /* Cell.swift in Sources */,
				37E1A2B92892C06200A2C887 /* MiddleCategoryView.swift in Sources */,
				371B330B28F19E6F00E6DD67 /* ListController.swift in Sources */,
				371B32CE28EEFBA300E6DD67 /* EnlargeCommand.swift in Sources */,
				37FE96F428DC3F0700D648E7 /* Theme.swift in Sources */,
				371B32E728F05ED400E6DD67 /* News.swift in Sources */,
				371B32D028EEFBB600E6DD67 /* ReduceCommand.swift in Sources */,
				3710C401289CCA67005520CE /* SingletonTest.m in Sources */,
				37E1A2AC2892AFC800A2C887 /* MiddleViewProtocol.swift in Sources */,
				3725966A28BF821D00CCD0A4 /* PayCypher.swift in Sources */,
				37EB934A28F40BEF0040872A /* CameraAccessor.swift in Sources */,
				37FE971928E583EF00D648E7 /* LoginViewController.swift in Sources */,
				373E17B228AE173900A79CAD /* TestView.m in Sources */,
				373E179A28ACC11200A79CAD /* AViewController.swift in Sources */,
				37E1A29C28912FBA00A2C887 /* MainViewController.swift in Sources */,
				371B332B28F2F65600E6DD67 /* MarkRender.swift in Sources */,
				3706965E28A0BDB90021E482 /* PopupViewMaker.m in Sources */,
				371B32F528F1228600E6DD67 /* Memento.swift in Sources */,
				3743356428D3578400A9F380 /* RedBuffDecorator.swift in Sources */,
				37E1A2A62892AF5B00A2C887 /* MainViewFactoryA.swift in Sources */,
				373E17B528AE1EB200A79CAD /* BTestViewController.m in Sources */,
				37FE970D28E4689E00D648E7 /* BaseHandler.swift in Sources */,
				3743355E28D353C200A9F380 /* Galen.swift in Sources */,
				371B330328F19D6100E6DD67 /* DataSource.swift in Sources */,
				371B32F728F17D8A00E6DD67 /* MemberState.swift in Sources */,
				3725966E28BF824100CCD0A4 /* PayFingerprintMode.swift in Sources */,
				3725967D28C1AA3800CCD0A4 /* Leaf.swift in Sources */,
				376EC27F28A3D6A8004972CD /* ArrayContains.swift in Sources */,
				376EC27228A35B42004972CD /* ObserverB.swift in Sources */,
				37E1A2A82892AF6D00A2C887 /* MainViewFactoryB.swift in Sources */,
				371B32EB28F05F6700E6DD67 /* NewsFeedViewController.swift in Sources */,
				3725965728B85C1B00CCD0A4 /* CNYAdapter.swift in Sources */,
				37EB934628F400D20040872A /* VisitorTestViewController.swift in Sources */,
				376EC27728A3B923004972CD /* MyNotificationCenter.swift in Sources */,
				3743356A28DAC3B900A9F380 /* ImageDecorator.swift in Sources */,
				371B332428F2F60600E6DD67 /* Vertex.swift in Sources */,
				3725967F28C1AA4D00CCD0A4 /* Composite.swift in Sources */,
				37EB934E28F40C1C0040872A /* PhotoLibraryAccessor.swift in Sources */,
				371B32F928F17DD900E6DD67 /* NormalMemberState.swift in Sources */,
				37E1A2D12899084E00A2C887 /* PopupViewBuilder.m in Sources */,
				37FE96F228DC38AF00D648E7 /* Component.swift in Sources */,
				37FE971128E541D900D648E7 /* LocationHandler.swift in Sources */,
				3725966828BF81F400CCD0A4 /* ZfbPay.swift in Sources */,
				371B32E928F05F4500E6DD67 /* ScreenMediator.swift in Sources */,
				37897F26288E86AE00D2481D /* CellSingleton.swift in Sources */,
				37897F2C288FBD5D00D2481D /* MainPageCell.swift in Sources */,
				371B332628F2F61300E6DD67 /* Stroke.swift in Sources */,
				37897F20288E79B600D2481D /* MainPageCellFactory.swift in Sources */,
				37FE970928E4686600D648E7 /* Handler.swift in Sources */,
				37FE972328E5B8FF00D648E7 /* TaxiOperation.swift in Sources */,
				376EC27B28A3B94D004972CD /* MySubject.swift in Sources */,
				37897EEA288E6DCD00D2481D /* ViewController.swift in Sources */,
				3743356628D3579500A9F380 /* BlueBuffDecorator.swift in Sources */,
				37FE96FA28DC467100D648E7 /* LabelTheme.swift in Sources */,
				3725967028BF836A00CCD0A4 /* PayModeProtocol.swift in Sources */,
				371B32FF28F17EA900E6DD67 /* DiamondMemberState.swift in Sources */,
				37FE971B28E5840100D648E7 /* SignUpViewController.swift in Sources */,
				371B32EF28F05FA900E6DD67 /* ProfileViewController.swift in Sources */,
				37FE972528E5B95A00D648E7 /* SiriShortcuts.swift in Sources */,
				37FE970B28E4688C00D648E7 /* LoginHandler.swift in Sources */,
				3710C3FD289BC11D005520CE /* TestBuilderViewController.m in Sources */,
				37EB934828F40BA80040872A /* PermissionAccessor.swift in Sources */,
				373E17AF28AE153000A79CAD /* ATestViewController.m in Sources */,
				37897F2E288FC2C200D2481D /* MainPageJobCell.swift in Sources */,
				3725966628BF81E200CCD0A4 /* WxPay.swift in Sources */,
				3725965328B85BF100CCD0A4 /* Target.swift in Sources */,
				371B32CA28EEC48900E6DD67 /* Receiver.swift in Sources */,
				37FE970728E1A1FE00D648E7 /* CellFactory.swift in Sources */,
				37E1A2B32892C02300A2C887 /* TopLoginView.swift in Sources */,
				3743356028D353D600A9F380 /* Timo.swift in Sources */,
				371B32FD28F17E0F00E6DD67 /* PlatinumMemberState.swift in Sources */,
				371B32DF28F030CD00E6DD67 /* ProductIterator.m in Sources */,
				373E17A028ACDA4400A79CAD /* RealSubject.swift in Sources */,
				37FE970F28E468B500D648E7 /* SignUpHandler.swift in Sources */,
				3706966428A240F50021E482 /* Person.swift in Sources */,
				3743356228D355F600A9F380 /* BufferDecorator.swift in Sources */,
				3725966C28BF822B00CCD0A4 /* PayFaceMode.swift in Sources */,
				371B330528F19E1600E6DD67 /* MemoryStorage.swift in Sources */,
				37897F34288FD67200D2481D /* MainPageCellModel.swift in Sources */,
				371B330128F17ED900E6DD67 /* User.swift in Sources */,
				371B331F28F2F5B100E6DD67 /* Mark.swift in Sources */,
				371B330928F19E3E00E6DD67 /* RealmStorage.swift in Sources */,
				37FE96FD28DC844200D648E7 /* UIImageView+DownloadImage.swift in Sources */,
				3725966428BF81CD00CCD0A4 /* Pay.swift in Sources */,
				3725967B28C1A62A00CCD0A4 /* Components.swift in Sources */,
				371B32FB28F17DEB00E6DD67 /* GoldMemberState.swift in Sources */,
				373E179E28ACD53000A79CAD /* SubjectProtocol.swift in Sources */,
				37EB934C28F40C040040872A /* MicroPhoneAccessor.swift in Sources */,
				37E1A2AA2892AFB200A2C887 /* TopViewProtocol.swift in Sources */,
				373E17AC28AD1AA000A79CAD /* DelegateManager.m in Sources */,
				37FE971F28E5B8D600D648E7 /* WindowOperation.swift in Sources */,
				371B332228F2F5F800E6DD67 /* Dot.swift in Sources */,
				371B330728F19E2800E6DD67 /* CoreDataStorage.swift in Sources */,
				37897F32288FD4A600D2481D /* MainPageHouseCell.swift in Sources */,
				371B332928F2F63700E6DD67 /* MarkVisitor.swift in Sources */,
				3743357828DAFC0C00A9F380 /* ColorFilter.swift in Sources */,
				376EC26E28A35B25004972CD /* Subject.swift in Sources */,
				37FE96F628DC463E00D648E7 /* ButtonTheme.swift in Sources */,
				371B32E528F030FC00E6DD67 /* ProductList.m in Sources */,
				37897EE6288E6DCD00D2481D /* AppDelegate.swift in Sources */,
				373E17A228ACDA4F00A79CAD /* ProxyObject.swift in Sources */,
				3743357628DAFBF300A9F380 /* BlurFilter.swift in Sources */,
				3743357428DAFA9D00A9F380 /* ResizerDecorator.swift in Sources */,
				3706966828A241270021E482 /* Boy.swift in Sources */,
				37E1A2A42892AF4500A2C887 /* ViewAbstractFactory.swift in Sources */,
				37FE96FF28DC847E00D648E7 /* ImageDownloader.swift in Sources */,
				371B32ED28F05F8100E6DD67 /* NewsDetailViewController.swift in Sources */,
				37FE971528E5420B00D648E7 /* Request.swift in Sources */,
				37FE971728E582ED00D648E7 /* BaseAuthVewController.swift in Sources */,
				37E1A2CE2899075400A2C887 /* MyPopupView.m in Sources */,
				37FE972128E5B8E700D648E7 /* DoorOperation.swift in Sources */,
				3725965528B85C0700CCD0A4 /* USDAdaptee.swift in Sources */,
				37FE971D28E5B8B700D648E7 /* DelayOperation.swift in Sources */,
				37897F30288FC2E400D2481D /* MainPageCarCell.swift in Sources */,
				371B32F128F1226200E6DD67 /* UITextView+Memento.swift in Sources */,
				37E1A2B52892C03300A2C887 /* TopSearchView.swift in Sources */,
				3743356E28DAF4BA00A9F380 /* BaseFilterDecorator.swift in Sources */,
				371B32E228F030E800E6DD67 /* AbstractObjectList.m in Sources */,
				37897EE8288E6DCD00D2481D /* SceneDelegate.swift in Sources */,
			);
			runOnlyForDeploymentPostprocessing = 0;
		};
/* End PBXSourcesBuildPhase section */

/* Begin PBXVariantGroup section */
		37897EEB288E6DCD00D2481D /* Main.storyboard */ = {
			isa = PBXVariantGroup;
			children = (
				37897EEC288E6DCD00D2481D /* Base */,
			);
			name = Main.storyboard;
			sourceTree = "<group>";
		};
		37897EF0288E6DCE00D2481D /* LaunchScreen.storyboard */ = {
			isa = PBXVariantGroup;
			children = (
				37897EF1288E6DCE00D2481D /* Base */,
			);
			name = LaunchScreen.storyboard;
			sourceTree = "<group>";
		};
/* End PBXVariantGroup section */

/* Begin XCBuildConfiguration section */
		37897EF4288E6DCE00D2481D /* Debug */ = {
			isa = XCBuildConfiguration;
			buildSettings = {
				ALWAYS_SEARCH_USER_PATHS = NO;
				CLANG_ANALYZER_NONNULL = YES;
				CLANG_ANALYZER_NUMBER_OBJECT_CONVERSION = YES_AGGRESSIVE;
				CLANG_CXX_LANGUAGE_STANDARD = "gnu++17";
				CLANG_CXX_LIBRARY = "libc++";
				CLANG_ENABLE_MODULES = YES;
				CLANG_ENABLE_OBJC_ARC = YES;
				CLANG_ENABLE_OBJC_WEAK = YES;
				CLANG_WARN_BLOCK_CAPTURE_AUTORELEASING = YES;
				CLANG_WARN_BOOL_CONVERSION = YES;
				CLANG_WARN_COMMA = YES;
				CLANG_WARN_CONSTANT_CONVERSION = YES;
				CLANG_WARN_DEPRECATED_OBJC_IMPLEMENTATIONS = YES;
				CLANG_WARN_DIRECT_OBJC_ISA_USAGE = YES_ERROR;
				CLANG_WARN_DOCUMENTATION_COMMENTS = YES;
				CLANG_WARN_EMPTY_BODY = YES;
				CLANG_WARN_ENUM_CONVERSION = YES;
				CLANG_WARN_INFINITE_RECURSION = YES;
				CLANG_WARN_INT_CONVERSION = YES;
				CLANG_WARN_NON_LITERAL_NULL_CONVERSION = YES;
				CLANG_WARN_OBJC_IMPLICIT_RETAIN_SELF = YES;
				CLANG_WARN_OBJC_LITERAL_CONVERSION = YES;
				CLANG_WARN_OBJC_ROOT_CLASS = YES_ERROR;
				CLANG_WARN_QUOTED_INCLUDE_IN_FRAMEWORK_HEADER = YES;
				CLANG_WARN_RANGE_LOOP_ANALYSIS = YES;
				CLANG_WARN_STRICT_PROTOTYPES = YES;
				CLANG_WARN_SUSPICIOUS_MOVE = YES;
				CLANG_WARN_UNGUARDED_AVAILABILITY = YES_AGGRESSIVE;
				CLANG_WARN_UNREACHABLE_CODE = YES;
				CLANG_WARN__DUPLICATE_METHOD_MATCH = YES;
				COPY_PHASE_STRIP = NO;
				DEBUG_INFORMATION_FORMAT = dwarf;
				ENABLE_STRICT_OBJC_MSGSEND = YES;
				ENABLE_TESTABILITY = YES;
				GCC_C_LANGUAGE_STANDARD = gnu11;
				GCC_DYNAMIC_NO_PIC = NO;
				GCC_NO_COMMON_BLOCKS = YES;
				GCC_OPTIMIZATION_LEVEL = 0;
				GCC_PREPROCESSOR_DEFINITIONS = (
					"DEBUG=1",
					"$(inherited)",
				);
				GCC_WARN_64_TO_32_BIT_CONVERSION = YES;
				GCC_WARN_ABOUT_RETURN_TYPE = YES_ERROR;
				GCC_WARN_UNDECLARED_SELECTOR = YES;
				GCC_WARN_UNINITIALIZED_AUTOS = YES_AGGRESSIVE;
				GCC_WARN_UNUSED_FUNCTION = YES;
				GCC_WARN_UNUSED_VARIABLE = YES;
				IPHONEOS_DEPLOYMENT_TARGET = 15.2;
				MTL_ENABLE_DEBUG_INFO = INCLUDE_SOURCE;
				MTL_FAST_MATH = YES;
				ONLY_ACTIVE_ARCH = YES;
				SDKROOT = iphoneos;
				SWIFT_ACTIVE_COMPILATION_CONDITIONS = DEBUG;
				SWIFT_OPTIMIZATION_LEVEL = "-Onone";
			};
			name = Debug;
		};
		37897EF5288E6DCE00D2481D /* Release */ = {
			isa = XCBuildConfiguration;
			buildSettings = {
				ALWAYS_SEARCH_USER_PATHS = NO;
				CLANG_ANALYZER_NONNULL = YES;
				CLANG_ANALYZER_NUMBER_OBJECT_CONVERSION = YES_AGGRESSIVE;
				CLANG_CXX_LANGUAGE_STANDARD = "gnu++17";
				CLANG_CXX_LIBRARY = "libc++";
				CLANG_ENABLE_MODULES = YES;
				CLANG_ENABLE_OBJC_ARC = YES;
				CLANG_ENABLE_OBJC_WEAK = YES;
				CLANG_WARN_BLOCK_CAPTURE_AUTORELEASING = YES;
				CLANG_WARN_BOOL_CONVERSION = YES;
				CLANG_WARN_COMMA = YES;
				CLANG_WARN_CONSTANT_CONVERSION = YES;
				CLANG_WARN_DEPRECATED_OBJC_IMPLEMENTATIONS = YES;
				CLANG_WARN_DIRECT_OBJC_ISA_USAGE = YES_ERROR;
				CLANG_WARN_DOCUMENTATION_COMMENTS = YES;
				CLANG_WARN_EMPTY_BODY = YES;
				CLANG_WARN_ENUM_CONVERSION = YES;
				CLANG_WARN_INFINITE_RECURSION = YES;
				CLANG_WARN_INT_CONVERSION = YES;
				CLANG_WARN_NON_LITERAL_NULL_CONVERSION = YES;
				CLANG_WARN_OBJC_IMPLICIT_RETAIN_SELF = YES;
				CLANG_WARN_OBJC_LITERAL_CONVERSION = YES;
				CLANG_WARN_OBJC_ROOT_CLASS = YES_ERROR;
				CLANG_WARN_QUOTED_INCLUDE_IN_FRAMEWORK_HEADER = YES;
				CLANG_WARN_RANGE_LOOP_ANALYSIS = YES;
				CLANG_WARN_STRICT_PROTOTYPES = YES;
				CLANG_WARN_SUSPICIOUS_MOVE = YES;
				CLANG_WARN_UNGUARDED_AVAILABILITY = YES_AGGRESSIVE;
				CLANG_WARN_UNREACHABLE_CODE = YES;
				CLANG_WARN__DUPLICATE_METHOD_MATCH = YES;
				COPY_PHASE_STRIP = NO;
				DEBUG_INFORMATION_FORMAT = "dwarf-with-dsym";
				ENABLE_NS_ASSERTIONS = NO;
				ENABLE_STRICT_OBJC_MSGSEND = YES;
				GCC_C_LANGUAGE_STANDARD = gnu11;
				GCC_NO_COMMON_BLOCKS = YES;
				GCC_WARN_64_TO_32_BIT_CONVERSION = YES;
				GCC_WARN_ABOUT_RETURN_TYPE = YES_ERROR;
				GCC_WARN_UNDECLARED_SELECTOR = YES;
				GCC_WARN_UNINITIALIZED_AUTOS = YES_AGGRESSIVE;
				GCC_WARN_UNUSED_FUNCTION = YES;
				GCC_WARN_UNUSED_VARIABLE = YES;
				IPHONEOS_DEPLOYMENT_TARGET = 15.2;
				MTL_ENABLE_DEBUG_INFO = NO;
				MTL_FAST_MATH = YES;
				SDKROOT = iphoneos;
				SWIFT_COMPILATION_MODE = wholemodule;
				SWIFT_OPTIMIZATION_LEVEL = "-O";
				VALIDATE_PRODUCT = YES;
			};
			name = Release;
		};
		37897EF7288E6DCE00D2481D /* Debug */ = {
			isa = XCBuildConfiguration;
			baseConfigurationReference = 9E4B54E99B49054058D4185D /* Pods-DesignDemo.debug.xcconfig */;
			buildSettings = {
				ASSETCATALOG_COMPILER_APPICON_NAME = AppIcon;
				ASSETCATALOG_COMPILER_GLOBAL_ACCENT_COLOR_NAME = AccentColor;
				CLANG_ENABLE_MODULES = YES;
				CODE_SIGN_STYLE = Automatic;
				CURRENT_PROJECT_VERSION = 1;
				DEVELOPMENT_TEAM = 67W636WDKA;
				GENERATE_INFOPLIST_FILE = YES;
				INFOPLIST_FILE = DesignDemo/Info.plist;
				INFOPLIST_KEY_UIApplicationSupportsIndirectInputEvents = YES;
				INFOPLIST_KEY_UILaunchStoryboardName = LaunchScreen;
				INFOPLIST_KEY_UIMainStoryboardFile = Main;
				INFOPLIST_KEY_UISupportedInterfaceOrientations_iPad = "UIInterfaceOrientationPortrait UIInterfaceOrientationPortraitUpsideDown UIInterfaceOrientationLandscapeLeft UIInterfaceOrientationLandscapeRight";
				INFOPLIST_KEY_UISupportedInterfaceOrientations_iPhone = "UIInterfaceOrientationPortrait UIInterfaceOrientationLandscapeLeft UIInterfaceOrientationLandscapeRight";
				LD_RUNPATH_SEARCH_PATHS = (
					"$(inherited)",
					"@executable_path/Frameworks",
				);
				MARKETING_VERSION = 1.0;
				PRODUCT_BUNDLE_IDENTIFIER = mqh.58.com.DesignDemo;
				PRODUCT_NAME = "$(TARGET_NAME)";
				SWIFT_EMIT_LOC_STRINGS = YES;
				SWIFT_OBJC_BRIDGING_HEADER = "DesignDemo/Design-Swift.h";
				SWIFT_OPTIMIZATION_LEVEL = "-Onone";
				SWIFT_VERSION = 5.0;
				TARGETED_DEVICE_FAMILY = "1,2";
			};
			name = Debug;
		};
		37897EF8288E6DCE00D2481D /* Release */ = {
			isa = XCBuildConfiguration;
			baseConfigurationReference = FBACEEF676B92AA0FBA83E33 /* Pods-DesignDemo.release.xcconfig */;
			buildSettings = {
				ASSETCATALOG_COMPILER_APPICON_NAME = AppIcon;
				ASSETCATALOG_COMPILER_GLOBAL_ACCENT_COLOR_NAME = AccentColor;
				CLANG_ENABLE_MODULES = YES;
				CODE_SIGN_STYLE = Automatic;
				CURRENT_PROJECT_VERSION = 1;
				DEVELOPMENT_TEAM = 67W636WDKA;
				GENERATE_INFOPLIST_FILE = YES;
				INFOPLIST_FILE = DesignDemo/Info.plist;
				INFOPLIST_KEY_UIApplicationSupportsIndirectInputEvents = YES;
				INFOPLIST_KEY_UILaunchStoryboardName = LaunchScreen;
				INFOPLIST_KEY_UIMainStoryboardFile = Main;
				INFOPLIST_KEY_UISupportedInterfaceOrientations_iPad = "UIInterfaceOrientationPortrait UIInterfaceOrientationPortraitUpsideDown UIInterfaceOrientationLandscapeLeft UIInterfaceOrientationLandscapeRight";
				INFOPLIST_KEY_UISupportedInterfaceOrientations_iPhone = "UIInterfaceOrientationPortrait UIInterfaceOrientationLandscapeLeft UIInterfaceOrientationLandscapeRight";
				LD_RUNPATH_SEARCH_PATHS = (
					"$(inherited)",
					"@executable_path/Frameworks",
				);
				MARKETING_VERSION = 1.0;
				PRODUCT_BUNDLE_IDENTIFIER = mqh.58.com.DesignDemo;
				PRODUCT_NAME = "$(TARGET_NAME)";
				SWIFT_EMIT_LOC_STRINGS = YES;
				SWIFT_OBJC_BRIDGING_HEADER = "DesignDemo/Design-Swift.h";
				SWIFT_VERSION = 5.0;
				TARGETED_DEVICE_FAMILY = "1,2";
			};
			name = Release;
		};
/* End XCBuildConfiguration section */

/* Begin XCConfigurationList section */
		37897EDD288E6DCD00D2481D /* Build configuration list for PBXProject "DesignDemo" */ = {
			isa = XCConfigurationList;
			buildConfigurations = (
				37897EF4288E6DCE00D2481D /* Debug */,
				37897EF5288E6DCE00D2481D /* Release */,
			);
			defaultConfigurationIsVisible = 0;
			defaultConfigurationName = Release;
		};
		37897EF6288E6DCE00D2481D /* Build configuration list for PBXNativeTarget "DesignDemo" */ = {
			isa = XCConfigurationList;
			buildConfigurations = (
				37897EF7288E6DCE00D2481D /* Debug */,
				37897EF8288E6DCE00D2481D /* Release */,
			);
			defaultConfigurationIsVisible = 0;
			defaultConfigurationName = Release;
		};
/* End XCConfigurationList section */
	};
	rootObject = 37897EDA288E6DCD00D2481D /* Project object */;
}
